// !$*UTF8*$!
{
	archiveVersion = 1;
	classes = {
	};
	objectVersion = 56;
	objects = {

/* Begin PBXBuildFile section */
		1376DA642E47377B00AC0C95 /* JSController-Search.swift in Sources */ = {isa = PBXBuildFile; fileRef = 1376DA5A2E47377B00AC0C95 /* JSController-Search.swift */; };
		1376DA652E47377B00AC0C95 /* JSController-Details.swift in Sources */ = {isa = PBXBuildFile; fileRef = 1376DA5B2E47377B00AC0C95 /* JSController-Details.swift */; };
		1376DA662E47377B00AC0C95 /* JSController-Streams.swift in Sources */ = {isa = PBXBuildFile; fileRef = 1376DA5C2E47377B00AC0C95 /* JSController-Streams.swift */; };
		1376DA6C2E47377B00AC0C95 /* JSController.swift in Sources */ = {isa = PBXBuildFile; fileRef = 1376DA632E47377B00AC0C95 /* JSController.swift */; };
		1376DA6E2E47378C00AC0C95 /* Services.swift in Sources */ = {isa = PBXBuildFile; fileRef = 1376DA6D2E47378C00AC0C95 /* Services.swift */; };
		1376DA702E4737AE00AC0C95 /* JavaScriptCore+Extensions.swift in Sources */ = {isa = PBXBuildFile; fileRef = 1376DA6F2E4737AE00AC0C95 /* JavaScriptCore+Extensions.swift */; };
		1376DA732E47381500AC0C95 /* Logger.swift in Sources */ = {isa = PBXBuildFile; fileRef = 1376DA722E47381500AC0C95 /* Logger.swift */; };
		1376DA752E47387A00AC0C95 /* URLSession.swift in Sources */ = {isa = PBXBuildFile; fileRef = 1376DA742E47387A00AC0C95 /* URLSession.swift */; };
		1398F1F22E44AC530023604F /* celestialApp.swift in Sources */ = {isa = PBXBuildFile; fileRef = 1398F1F12E44AC530023604F /* celestialApp.swift */; };
		1398F1F62E44AC560023604F /* Assets.xcassets in Resources */ = {isa = PBXBuildFile; fileRef = 1398F1F52E44AC560023604F /* Assets.xcassets */; };
		1398F1FA2E44AC560023604F /* Preview Assets.xcassets in Resources */ = {isa = PBXBuildFile; fileRef = 1398F1F92E44AC560023604F /* Preview Assets.xcassets */; };
		1398F2052E44AD6F0023604F /* LibraryView.swift in Sources */ = {isa = PBXBuildFile; fileRef = 1398F2012E44AD6F0023604F /* LibraryView.swift */; };
		1398F2062E44AD6F0023604F /* HomeView.swift in Sources */ = {isa = PBXBuildFile; fileRef = 1398F2022E44AD6F0023604F /* HomeView.swift */; };
		1398F2072E44AD6F0023604F /* ContentView.swift in Sources */ = {isa = PBXBuildFile; fileRef = 1398F2032E44AD6F0023604F /* ContentView.swift */; };
		1398F2082E44AD6F0023604F /* SearchView.swift in Sources */ = {isa = PBXBuildFile; fileRef = 1398F2042E44AD6F0023604F /* SearchView.swift */; };
		1398F20B2E44ADFF0023604F /* TMDBModels.swift in Sources */ = {isa = PBXBuildFile; fileRef = 1398F20A2E44ADFF0023604F /* TMDBModels.swift */; };
		1398F20E2E44AE030023604F /* TMDBService.swift in Sources */ = {isa = PBXBuildFile; fileRef = 1398F20D2E44AE030023604F /* TMDBService.swift */; };
		1398F2162E44B0BF0023604F /* Kingfisher in Frameworks */ = {isa = PBXBuildFile; productRef = 1398F2152E44B0BF0023604F /* Kingfisher */; };
		1398F2192E44B0D80023604F /* FallbackImageView.swift in Sources */ = {isa = PBXBuildFile; fileRef = 1398F2172E44B0D80023604F /* FallbackImageView.swift */; };
		1398F21C2E44B0DC0023604F /* SettingsView.swift in Sources */ = {isa = PBXBuildFile; fileRef = 1398F21B2E44B0DC0023604F /* SettingsView.swift */; };
		1398F2202E44B28E0023604F /* SearchResultCard.swift in Sources */ = {isa = PBXBuildFile; fileRef = 1398F21F2E44B28E0023604F /* SearchResultCard.swift */; };
		1398F2262E44D7E90023604F /* MediaDetailView.swift in Sources */ = {isa = PBXBuildFile; fileRef = 1398F2252E44D7E90023604F /* MediaDetailView.swift */; };
		1398F2282E44DA550023604F /* CircularProgressBar.swift in Sources */ = {isa = PBXBuildFile; fileRef = 1398F2272E44DA550023604F /* CircularProgressBar.swift */; };
		1398F22C2E44ED070023604F /* ambientColor.swift in Sources */ = {isa = PBXBuildFile; fileRef = 1398F22B2E44ED070023604F /* ambientColor.swift */; };
		1398F22F2E44ED340023604F /* resized.swift in Sources */ = {isa = PBXBuildFile; fileRef = 1398F22E2E44ED340023604F /* resized.swift */; };
		1398F2312E4500F30023604F /* StretchyHeader.swift in Sources */ = {isa = PBXBuildFile; fileRef = 1398F2302E4500F30023604F /* StretchyHeader.swift */; };
		1398F2352E4501C20023604F /* EpisodeCell.swift in Sources */ = {isa = PBXBuildFile; fileRef = 1398F2342E4501C20023604F /* EpisodeCell.swift */; };
		1398F2382E45021D0023604F /* Movie-Details.swift in Sources */ = {isa = PBXBuildFile; fileRef = 1398F2372E45021D0023604F /* Movie-Details.swift */; };
		1398F23A2E4502380023604F /* Shows-Details.swift in Sources */ = {isa = PBXBuildFile; fileRef = 1398F2392E4502380023604F /* Shows-Details.swift */; };
		1398F23C2E4507230023604F /* DetailRow.swift in Sources */ = {isa = PBXBuildFile; fileRef = 1398F23B2E4507230023604F /* DetailRow.swift */; };
		13FF75CD2E4799B6006D405B /* ServiceManager.swift in Sources */ = {isa = PBXBuildFile; fileRef = 13FF75CC2E4799B6006D405B /* ServiceManager.swift */; };
		13FF75CF2E4799DD006D405B /* ServicesView.swift in Sources */ = {isa = PBXBuildFile; fileRef = 13FF75CE2E4799DD006D405B /* ServicesView.swift */; };
		13FF75D12E479B3F006D405B /* ModulesSearchResultsSheet.swift in Sources */ = {isa = PBXBuildFile; fileRef = 13FF75D02E479B3F006D405B /* ModulesSearchResultsSheet.swift */; };
		13FF75D42E47A765006D405B /* levenshteinDistance.swift in Sources */ = {isa = PBXBuildFile; fileRef = 13FF75D32E47A765006D405B /* levenshteinDistance.swift */; };
/* End PBXBuildFile section */

/* Begin PBXFileReference section */
		1376DA5A2E47377B00AC0C95 /* JSController-Search.swift */ = {isa = PBXFileReference; fileEncoding = 4; lastKnownFileType = sourcecode.swift; path = "JSController-Search.swift"; sourceTree = "<group>"; };
		1376DA5B2E47377B00AC0C95 /* JSController-Details.swift */ = {isa = PBXFileReference; fileEncoding = 4; lastKnownFileType = sourcecode.swift; path = "JSController-Details.swift"; sourceTree = "<group>"; };
		1376DA5C2E47377B00AC0C95 /* JSController-Streams.swift */ = {isa = PBXFileReference; fileEncoding = 4; lastKnownFileType = sourcecode.swift; path = "JSController-Streams.swift"; sourceTree = "<group>"; };
		1376DA632E47377B00AC0C95 /* JSController.swift */ = {isa = PBXFileReference; fileEncoding = 4; lastKnownFileType = sourcecode.swift; path = JSController.swift; sourceTree = "<group>"; };
		1376DA6D2E47378C00AC0C95 /* Services.swift */ = {isa = PBXFileReference; fileEncoding = 4; lastKnownFileType = sourcecode.swift; path = Services.swift; sourceTree = "<group>"; };
		1376DA6F2E4737AE00AC0C95 /* JavaScriptCore+Extensions.swift */ = {isa = PBXFileReference; fileEncoding = 4; lastKnownFileType = sourcecode.swift; path = "JavaScriptCore+Extensions.swift"; sourceTree = "<group>"; };
		1376DA722E47381500AC0C95 /* Logger.swift */ = {isa = PBXFileReference; fileEncoding = 4; lastKnownFileType = sourcecode.swift; path = Logger.swift; sourceTree = "<group>"; };
		1376DA742E47387A00AC0C95 /* URLSession.swift */ = {isa = PBXFileReference; fileEncoding = 4; lastKnownFileType = sourcecode.swift; path = URLSession.swift; sourceTree = "<group>"; };
		1398F1EE2E44AC530023604F /* celestial.app */ = {isa = PBXFileReference; explicitFileType = wrapper.application; includeInIndex = 0; path = celestial.app; sourceTree = BUILT_PRODUCTS_DIR; };
		1398F1F12E44AC530023604F /* celestialApp.swift */ = {isa = PBXFileReference; lastKnownFileType = sourcecode.swift; path = celestialApp.swift; sourceTree = "<group>"; };
		1398F1F52E44AC560023604F /* Assets.xcassets */ = {isa = PBXFileReference; lastKnownFileType = folder.assetcatalog; path = Assets.xcassets; sourceTree = "<group>"; };
		1398F1F72E44AC560023604F /* celestial.entitlements */ = {isa = PBXFileReference; lastKnownFileType = text.plist.entitlements; path = celestial.entitlements; sourceTree = "<group>"; };
		1398F1F92E44AC560023604F /* Preview Assets.xcassets */ = {isa = PBXFileReference; lastKnownFileType = folder.assetcatalog; path = "Preview Assets.xcassets"; sourceTree = "<group>"; };
		1398F2012E44AD6F0023604F /* LibraryView.swift */ = {isa = PBXFileReference; fileEncoding = 4; lastKnownFileType = sourcecode.swift; path = LibraryView.swift; sourceTree = "<group>"; };
		1398F2022E44AD6F0023604F /* HomeView.swift */ = {isa = PBXFileReference; fileEncoding = 4; lastKnownFileType = sourcecode.swift; path = HomeView.swift; sourceTree = "<group>"; };
		1398F2032E44AD6F0023604F /* ContentView.swift */ = {isa = PBXFileReference; fileEncoding = 4; lastKnownFileType = sourcecode.swift; path = ContentView.swift; sourceTree = "<group>"; };
		1398F2042E44AD6F0023604F /* SearchView.swift */ = {isa = PBXFileReference; fileEncoding = 4; lastKnownFileType = sourcecode.swift; path = SearchView.swift; sourceTree = "<group>"; };
		1398F20A2E44ADFF0023604F /* TMDBModels.swift */ = {isa = PBXFileReference; fileEncoding = 4; lastKnownFileType = sourcecode.swift; path = TMDBModels.swift; sourceTree = "<group>"; };
		1398F20D2E44AE030023604F /* TMDBService.swift */ = {isa = PBXFileReference; fileEncoding = 4; lastKnownFileType = sourcecode.swift; path = TMDBService.swift; sourceTree = "<group>"; };
		1398F2172E44B0D80023604F /* FallbackImageView.swift */ = {isa = PBXFileReference; fileEncoding = 4; lastKnownFileType = sourcecode.swift; path = FallbackImageView.swift; sourceTree = "<group>"; };
		1398F21B2E44B0DC0023604F /* SettingsView.swift */ = {isa = PBXFileReference; fileEncoding = 4; lastKnownFileType = sourcecode.swift; path = SettingsView.swift; sourceTree = "<group>"; };
		1398F21F2E44B28E0023604F /* SearchResultCard.swift */ = {isa = PBXFileReference; fileEncoding = 4; lastKnownFileType = sourcecode.swift; path = SearchResultCard.swift; sourceTree = "<group>"; };
		1398F2252E44D7E90023604F /* MediaDetailView.swift */ = {isa = PBXFileReference; fileEncoding = 4; lastKnownFileType = sourcecode.swift; path = MediaDetailView.swift; sourceTree = "<group>"; };
		1398F2272E44DA550023604F /* CircularProgressBar.swift */ = {isa = PBXFileReference; fileEncoding = 4; lastKnownFileType = sourcecode.swift; path = CircularProgressBar.swift; sourceTree = "<group>"; };
		1398F22B2E44ED070023604F /* ambientColor.swift */ = {isa = PBXFileReference; lastKnownFileType = sourcecode.swift; path = ambientColor.swift; sourceTree = "<group>"; };
		1398F22E2E44ED340023604F /* resized.swift */ = {isa = PBXFileReference; lastKnownFileType = sourcecode.swift; path = resized.swift; sourceTree = "<group>"; };
		1398F2302E4500F30023604F /* StretchyHeader.swift */ = {isa = PBXFileReference; lastKnownFileType = sourcecode.swift; path = StretchyHeader.swift; sourceTree = "<group>"; };
		1398F2342E4501C20023604F /* EpisodeCell.swift */ = {isa = PBXFileReference; lastKnownFileType = sourcecode.swift; path = EpisodeCell.swift; sourceTree = "<group>"; };
		1398F2372E45021D0023604F /* Movie-Details.swift */ = {isa = PBXFileReference; lastKnownFileType = sourcecode.swift; path = "Movie-Details.swift"; sourceTree = "<group>"; };
		1398F2392E4502380023604F /* Shows-Details.swift */ = {isa = PBXFileReference; lastKnownFileType = sourcecode.swift; path = "Shows-Details.swift"; sourceTree = "<group>"; };
		1398F23B2E4507230023604F /* DetailRow.swift */ = {isa = PBXFileReference; lastKnownFileType = sourcecode.swift; path = DetailRow.swift; sourceTree = "<group>"; };
		13FF75CC2E4799B6006D405B /* ServiceManager.swift */ = {isa = PBXFileReference; fileEncoding = 4; lastKnownFileType = sourcecode.swift; path = ServiceManager.swift; sourceTree = "<group>"; };
		13FF75CE2E4799DD006D405B /* ServicesView.swift */ = {isa = PBXFileReference; fileEncoding = 4; lastKnownFileType = sourcecode.swift; path = ServicesView.swift; sourceTree = "<group>"; };
		13FF75D02E479B3F006D405B /* ModulesSearchResultsSheet.swift */ = {isa = PBXFileReference; fileEncoding = 4; lastKnownFileType = sourcecode.swift; path = ModulesSearchResultsSheet.swift; sourceTree = "<group>"; };
		13FF75D32E47A765006D405B /* levenshteinDistance.swift */ = {isa = PBXFileReference; lastKnownFileType = sourcecode.swift; path = levenshteinDistance.swift; sourceTree = "<group>"; };
		13FF75D52E47AAFA006D405B /* Info.plist */ = {isa = PBXFileReference; lastKnownFileType = text.plist; path = Info.plist; sourceTree = "<group>"; };
/* End PBXFileReference section */

/* Begin PBXFrameworksBuildPhase section */
		1398F1EB2E44AC530023604F /* Frameworks */ = {
			isa = PBXFrameworksBuildPhase;
			buildActionMask = 2147483647;
			files = (
				1398F2162E44B0BF0023604F /* Kingfisher in Frameworks */,
			);
			runOnlyForDeploymentPostprocessing = 0;
		};
/* End PBXFrameworksBuildPhase section */

/* Begin PBXGroup section */
		1376DA552E47369300AC0C95 /* URLSession */ = {
			isa = PBXGroup;
			children = (
				1376DA742E47387A00AC0C95 /* URLSession.swift */,
			);
			path = URLSession;
			sourceTree = "<group>";
		};
		1376DA592E47377B00AC0C95 /* JSLoader */ = {
			isa = PBXGroup;
			children = (
				13FF75CC2E4799B6006D405B /* ServiceManager.swift */,
				1376DA6D2E47378C00AC0C95 /* Services.swift */,
				1376DA6F2E4737AE00AC0C95 /* JavaScriptCore+Extensions.swift */,
				1376DA5A2E47377B00AC0C95 /* JSController-Search.swift */,
				1376DA5B2E47377B00AC0C95 /* JSController-Details.swift */,
				1376DA5C2E47377B00AC0C95 /* JSController-Streams.swift */,
				1376DA632E47377B00AC0C95 /* JSController.swift */,
			);
			path = JSLoader;
			sourceTree = "<group>";
		};
		1376DA712E47381500AC0C95 /* Logger */ = {
			isa = PBXGroup;
			children = (
				1376DA722E47381500AC0C95 /* Logger.swift */,
			);
			path = Logger;
			sourceTree = "<group>";
		};
		1398F1E52E44AC530023604F = {
			isa = PBXGroup;
			children = (
				1398F1F02E44AC530023604F /* celestial */,
				1398F1EF2E44AC530023604F /* Products */,
			);
			sourceTree = "<group>";
		};
		1398F1EF2E44AC530023604F /* Products */ = {
			isa = PBXGroup;
			children = (
				1398F1EE2E44AC530023604F /* celestial.app */,
			);
			name = Products;
			sourceTree = "<group>";
		};
		1398F1F02E44AC530023604F /* celestial */ = {
			isa = PBXGroup;
			children = (
				13FF75D52E47AAFA006D405B /* Info.plist */,
				13FF75D22E47A744006D405B /* Algorithm */,
				1376DA712E47381500AC0C95 /* Logger */,
				1376DA592E47377B00AC0C95 /* JSLoader */,
				1398F2292E44ECF80023604F /* Extensions */,
				1398F2212E44D5B20023604F /* TMDB */,
				1398F2002E44AD570023604F /* Views */,
				1398F1F12E44AC530023604F /* celestialApp.swift */,
				1398F1F52E44AC560023604F /* Assets.xcassets */,
				1398F1F72E44AC560023604F /* celestial.entitlements */,
				1398F1F82E44AC560023604F /* Preview Content */,
			);
			path = celestial;
			sourceTree = "<group>";
		};
		1398F1F82E44AC560023604F /* Preview Content */ = {
			isa = PBXGroup;
			children = (
				1398F1F92E44AC560023604F /* Preview Assets.xcassets */,
			);
			path = "Preview Content";
			sourceTree = "<group>";
		};
		1398F2002E44AD570023604F /* Views */ = {
			isa = PBXGroup;
			children = (
				1398F2222E44D5C30023604F /* Base Views */,
				1398F2112E44AED30023604F /* View Elements */,
			);
			path = Views;
			sourceTree = "<group>";
		};
		1398F2092E44ADFF0023604F /* Models */ = {
			isa = PBXGroup;
			children = (
				1398F20A2E44ADFF0023604F /* TMDBModels.swift */,
			);
			path = Models;
			sourceTree = "<group>";
		};
		1398F2112E44AED30023604F /* View Elements */ = {
			isa = PBXGroup;
			children = (
				1398F2322E4500FB0023604F /* MediaInfo */,
				1398F21F2E44B28E0023604F /* SearchResultCard.swift */,
				1398F2172E44B0D80023604F /* FallbackImageView.swift */,
			);
			path = "View Elements";
			sourceTree = "<group>";
		};
		1398F2212E44D5B20023604F /* TMDB */ = {
			isa = PBXGroup;
			children = (
				1398F2092E44ADFF0023604F /* Models */,
				1398F20D2E44AE030023604F /* TMDBService.swift */,
			);
			path = TMDB;
			sourceTree = "<group>";
		};
		1398F2222E44D5C30023604F /* Base Views */ = {
			isa = PBXGroup;
			children = (
				13FF75D02E479B3F006D405B /* ModulesSearchResultsSheet.swift */,
				13FF75CE2E4799DD006D405B /* ServicesView.swift */,
				1398F2032E44AD6F0023604F /* ContentView.swift */,
				1398F2022E44AD6F0023604F /* HomeView.swift */,
				1398F2012E44AD6F0023604F /* LibraryView.swift */,
				1398F2042E44AD6F0023604F /* SearchView.swift */,
				1398F21B2E44B0DC0023604F /* SettingsView.swift */,
				1398F2252E44D7E90023604F /* MediaDetailView.swift */,
			);
			path = "Base Views";
			sourceTree = "<group>";
		};
		1398F2292E44ECF80023604F /* Extensions */ = {
			isa = PBXGroup;
			children = (
				1376DA552E47369300AC0C95 /* URLSession */,
				1398F22D2E44ED230023604F /* UIImage */,
				1398F22A2E44ECFE0023604F /* Color */,
			);
			path = Extensions;
			sourceTree = "<group>";
		};
		1398F22A2E44ECFE0023604F /* Color */ = {
			isa = PBXGroup;
			children = (
				1398F22B2E44ED070023604F /* ambientColor.swift */,
			);
			path = Color;
			sourceTree = "<group>";
		};
		1398F22D2E44ED230023604F /* UIImage */ = {
			isa = PBXGroup;
			children = (
				1398F22E2E44ED340023604F /* resized.swift */,
			);
			path = UIImage;
			sourceTree = "<group>";
		};
		1398F2322E4500FB0023604F /* MediaInfo */ = {
			isa = PBXGroup;
			children = (
				1398F2362E4502110023604F /* Details */,
				1398F2272E44DA550023604F /* CircularProgressBar.swift */,
				1398F2302E4500F30023604F /* StretchyHeader.swift */,
				1398F2342E4501C20023604F /* EpisodeCell.swift */,
			);
			path = MediaInfo;
			sourceTree = "<group>";
		};
		1398F2362E4502110023604F /* Details */ = {
			isa = PBXGroup;
			children = (
				1398F23B2E4507230023604F /* DetailRow.swift */,
				1398F2372E45021D0023604F /* Movie-Details.swift */,
				1398F2392E4502380023604F /* Shows-Details.swift */,
			);
			path = Details;
			sourceTree = "<group>";
		};
		13FF75D22E47A744006D405B /* Algorithm */ = {
			isa = PBXGroup;
			children = (
				13FF75D32E47A765006D405B /* levenshteinDistance.swift */,
			);
			path = Algorithm;
			sourceTree = "<group>";
		};
/* End PBXGroup section */

/* Begin PBXNativeTarget section */
		1398F1ED2E44AC530023604F /* celestial */ = {
			isa = PBXNativeTarget;
			buildConfigurationList = 1398F1FD2E44AC560023604F /* Build configuration list for PBXNativeTarget "celestial" */;
			buildPhases = (
				1398F1EA2E44AC530023604F /* Sources */,
				1398F1EB2E44AC530023604F /* Frameworks */,
				1398F1EC2E44AC530023604F /* Resources */,
			);
			buildRules = (
			);
			dependencies = (
			);
			name = celestial;
			packageProductDependencies = (
				1398F2152E44B0BF0023604F /* Kingfisher */,
			);
			productName = celestial;
			productReference = 1398F1EE2E44AC530023604F /* celestial.app */;
			productType = "com.apple.product-type.application";
		};
/* End PBXNativeTarget section */

/* Begin PBXProject section */
		1398F1E62E44AC530023604F /* Project object */ = {
			isa = PBXProject;
			attributes = {
				BuildIndependentTargetsInParallel = 1;
				LastSwiftUpdateCheck = 1520;
				LastUpgradeCheck = 1520;
				TargetAttributes = {
					1398F1ED2E44AC530023604F = {
						CreatedOnToolsVersion = 15.2;
					};
				};
			};
			buildConfigurationList = 1398F1E92E44AC530023604F /* Build configuration list for PBXProject "celestial" */;
			compatibilityVersion = "Xcode 14.0";
			developmentRegion = en;
			hasScannedForEncodings = 0;
			knownRegions = (
				en,
				Base,
			);
			mainGroup = 1398F1E52E44AC530023604F;
			packageReferences = (
				1398F2142E44B0BF0023604F /* XCRemoteSwiftPackageReference "Kingfisher" */,
			);
			productRefGroup = 1398F1EF2E44AC530023604F /* Products */;
			projectDirPath = "";
			projectRoot = "";
			targets = (
				1398F1ED2E44AC530023604F /* celestial */,
			);
		};
/* End PBXProject section */

/* Begin PBXResourcesBuildPhase section */
		1398F1EC2E44AC530023604F /* Resources */ = {
			isa = PBXResourcesBuildPhase;
			buildActionMask = 2147483647;
			files = (
				1398F1FA2E44AC560023604F /* Preview Assets.xcassets in Resources */,
				1398F1F62E44AC560023604F /* Assets.xcassets in Resources */,
			);
			runOnlyForDeploymentPostprocessing = 0;
		};
/* End PBXResourcesBuildPhase section */

/* Begin PBXSourcesBuildPhase section */
		1398F1EA2E44AC530023604F /* Sources */ = {
			isa = PBXSourcesBuildPhase;
			buildActionMask = 2147483647;
			files = (
				1376DA652E47377B00AC0C95 /* JSController-Details.swift in Sources */,
				1376DA6E2E47378C00AC0C95 /* Services.swift in Sources */,
				1398F2192E44B0D80023604F /* FallbackImageView.swift in Sources */,
				1398F2382E45021D0023604F /* Movie-Details.swift in Sources */,
				1398F2202E44B28E0023604F /* SearchResultCard.swift in Sources */,
				1398F22F2E44ED340023604F /* resized.swift in Sources */,
				1376DA702E4737AE00AC0C95 /* JavaScriptCore+Extensions.swift in Sources */,
				1398F20B2E44ADFF0023604F /* TMDBModels.swift in Sources */,
				1398F22C2E44ED070023604F /* ambientColor.swift in Sources */,
				1376DA732E47381500AC0C95 /* Logger.swift in Sources */,
				1398F2352E4501C20023604F /* EpisodeCell.swift in Sources */,
				1398F2312E4500F30023604F /* StretchyHeader.swift in Sources */,
				13FF75D12E479B3F006D405B /* ModulesSearchResultsSheet.swift in Sources */,
				1376DA642E47377B00AC0C95 /* JSController-Search.swift in Sources */,
				13FF75CD2E4799B6006D405B /* ServiceManager.swift in Sources */,
				1398F2082E44AD6F0023604F /* SearchView.swift in Sources */,
				1398F2062E44AD6F0023604F /* HomeView.swift in Sources */,
				1376DA662E47377B00AC0C95 /* JSController-Streams.swift in Sources */,
				1398F21C2E44B0DC0023604F /* SettingsView.swift in Sources */,
				1398F2262E44D7E90023604F /* MediaDetailView.swift in Sources */,
				1398F2052E44AD6F0023604F /* LibraryView.swift in Sources */,
				13FF75CF2E4799DD006D405B /* ServicesView.swift in Sources */,
				1398F23A2E4502380023604F /* Shows-Details.swift in Sources */,
				1398F2072E44AD6F0023604F /* ContentView.swift in Sources */,
				1398F20E2E44AE030023604F /* TMDBService.swift in Sources */,
				1398F1F22E44AC530023604F /* celestialApp.swift in Sources */,
				13FF75D42E47A765006D405B /* levenshteinDistance.swift in Sources */,
				1376DA752E47387A00AC0C95 /* URLSession.swift in Sources */,
				1398F2282E44DA550023604F /* CircularProgressBar.swift in Sources */,
				1376DA6C2E47377B00AC0C95 /* JSController.swift in Sources */,
				1398F23C2E4507230023604F /* DetailRow.swift in Sources */,
			);
			runOnlyForDeploymentPostprocessing = 0;
		};
/* End PBXSourcesBuildPhase section */

/* Begin XCBuildConfiguration section */
		1398F1FB2E44AC560023604F /* Debug */ = {
			isa = XCBuildConfiguration;
			buildSettings = {
				ALWAYS_SEARCH_USER_PATHS = NO;
				ASSETCATALOG_COMPILER_GENERATE_SWIFT_ASSET_SYMBOL_EXTENSIONS = YES;
				CLANG_ANALYZER_NONNULL = YES;
				CLANG_ANALYZER_NUMBER_OBJECT_CONVERSION = YES_AGGRESSIVE;
				CLANG_CXX_LANGUAGE_STANDARD = "gnu++20";
				CLANG_ENABLE_MODULES = YES;
				CLANG_ENABLE_OBJC_ARC = YES;
				CLANG_ENABLE_OBJC_WEAK = YES;
				CLANG_WARN_BLOCK_CAPTURE_AUTORELEASING = YES;
				CLANG_WARN_BOOL_CONVERSION = YES;
				CLANG_WARN_COMMA = YES;
				CLANG_WARN_CONSTANT_CONVERSION = YES;
				CLANG_WARN_DEPRECATED_OBJC_IMPLEMENTATIONS = YES;
				CLANG_WARN_DIRECT_OBJC_ISA_USAGE = YES_ERROR;
				CLANG_WARN_DOCUMENTATION_COMMENTS = YES;
				CLANG_WARN_EMPTY_BODY = YES;
				CLANG_WARN_ENUM_CONVERSION = YES;
				CLANG_WARN_INFINITE_RECURSION = YES;
				CLANG_WARN_INT_CONVERSION = YES;
				CLANG_WARN_NON_LITERAL_NULL_CONVERSION = YES;
				CLANG_WARN_OBJC_IMPLICIT_RETAIN_SELF = YES;
				CLANG_WARN_OBJC_LITERAL_CONVERSION = YES;
				CLANG_WARN_OBJC_ROOT_CLASS = YES_ERROR;
				CLANG_WARN_QUOTED_INCLUDE_IN_FRAMEWORK_HEADER = YES;
				CLANG_WARN_RANGE_LOOP_ANALYSIS = YES;
				CLANG_WARN_STRICT_PROTOTYPES = YES;
				CLANG_WARN_SUSPICIOUS_MOVE = YES;
				CLANG_WARN_UNGUARDED_AVAILABILITY = YES_AGGRESSIVE;
				CLANG_WARN_UNREACHABLE_CODE = YES;
				CLANG_WARN__DUPLICATE_METHOD_MATCH = YES;
				COPY_PHASE_STRIP = NO;
				DEBUG_INFORMATION_FORMAT = dwarf;
				ENABLE_STRICT_OBJC_MSGSEND = YES;
				ENABLE_TESTABILITY = YES;
				ENABLE_USER_SCRIPT_SANDBOXING = YES;
				GCC_C_LANGUAGE_STANDARD = gnu17;
				GCC_DYNAMIC_NO_PIC = NO;
				GCC_NO_COMMON_BLOCKS = YES;
				GCC_OPTIMIZATION_LEVEL = 0;
				GCC_PREPROCESSOR_DEFINITIONS = (
					"DEBUG=1",
					"$(inherited)",
				);
				GCC_WARN_64_TO_32_BIT_CONVERSION = YES;
				GCC_WARN_ABOUT_RETURN_TYPE = YES_ERROR;
				GCC_WARN_UNDECLARED_SELECTOR = YES;
				GCC_WARN_UNINITIALIZED_AUTOS = YES_AGGRESSIVE;
				GCC_WARN_UNUSED_FUNCTION = YES;
				GCC_WARN_UNUSED_VARIABLE = YES;
				LOCALIZATION_PREFERS_STRING_CATALOGS = YES;
				MTL_ENABLE_DEBUG_INFO = INCLUDE_SOURCE;
				MTL_FAST_MATH = YES;
				ONLY_ACTIVE_ARCH = YES;
				SWIFT_ACTIVE_COMPILATION_CONDITIONS = "DEBUG $(inherited)";
				SWIFT_OPTIMIZATION_LEVEL = "-Onone";
			};
			name = Debug;
		};
		1398F1FC2E44AC560023604F /* Release */ = {
			isa = XCBuildConfiguration;
			buildSettings = {
				ALWAYS_SEARCH_USER_PATHS = NO;
				ASSETCATALOG_COMPILER_GENERATE_SWIFT_ASSET_SYMBOL_EXTENSIONS = YES;
				CLANG_ANALYZER_NONNULL = YES;
				CLANG_ANALYZER_NUMBER_OBJECT_CONVERSION = YES_AGGRESSIVE;
				CLANG_CXX_LANGUAGE_STANDARD = "gnu++20";
				CLANG_ENABLE_MODULES = YES;
				CLANG_ENABLE_OBJC_ARC = YES;
				CLANG_ENABLE_OBJC_WEAK = YES;
				CLANG_WARN_BLOCK_CAPTURE_AUTORELEASING = YES;
				CLANG_WARN_BOOL_CONVERSION = YES;
				CLANG_WARN_COMMA = YES;
				CLANG_WARN_CONSTANT_CONVERSION = YES;
				CLANG_WARN_DEPRECATED_OBJC_IMPLEMENTATIONS = YES;
				CLANG_WARN_DIRECT_OBJC_ISA_USAGE = YES_ERROR;
				CLANG_WARN_DOCUMENTATION_COMMENTS = YES;
				CLANG_WARN_EMPTY_BODY = YES;
				CLANG_WARN_ENUM_CONVERSION = YES;
				CLANG_WARN_INFINITE_RECURSION = YES;
				CLANG_WARN_INT_CONVERSION = YES;
				CLANG_WARN_NON_LITERAL_NULL_CONVERSION = YES;
				CLANG_WARN_OBJC_IMPLICIT_RETAIN_SELF = YES;
				CLANG_WARN_OBJC_LITERAL_CONVERSION = YES;
				CLANG_WARN_OBJC_ROOT_CLASS = YES_ERROR;
				CLANG_WARN_QUOTED_INCLUDE_IN_FRAMEWORK_HEADER = YES;
				CLANG_WARN_RANGE_LOOP_ANALYSIS = YES;
				CLANG_WARN_STRICT_PROTOTYPES = YES;
				CLANG_WARN_SUSPICIOUS_MOVE = YES;
				CLANG_WARN_UNGUARDED_AVAILABILITY = YES_AGGRESSIVE;
				CLANG_WARN_UNREACHABLE_CODE = YES;
				CLANG_WARN__DUPLICATE_METHOD_MATCH = YES;
				COPY_PHASE_STRIP = NO;
				DEBUG_INFORMATION_FORMAT = "dwarf-with-dsym";
				ENABLE_NS_ASSERTIONS = NO;
				ENABLE_STRICT_OBJC_MSGSEND = YES;
				ENABLE_USER_SCRIPT_SANDBOXING = YES;
				GCC_C_LANGUAGE_STANDARD = gnu17;
				GCC_NO_COMMON_BLOCKS = YES;
				GCC_WARN_64_TO_32_BIT_CONVERSION = YES;
				GCC_WARN_ABOUT_RETURN_TYPE = YES_ERROR;
				GCC_WARN_UNDECLARED_SELECTOR = YES;
				GCC_WARN_UNINITIALIZED_AUTOS = YES_AGGRESSIVE;
				GCC_WARN_UNUSED_FUNCTION = YES;
				GCC_WARN_UNUSED_VARIABLE = YES;
				LOCALIZATION_PREFERS_STRING_CATALOGS = YES;
				MTL_ENABLE_DEBUG_INFO = NO;
				MTL_FAST_MATH = YES;
				SWIFT_COMPILATION_MODE = wholemodule;
			};
			name = Release;
		};
		1398F1FE2E44AC560023604F /* Debug */ = {
			isa = XCBuildConfiguration;
			buildSettings = {
				ASSETCATALOG_COMPILER_APPICON_NAME = AppIcon;
				ASSETCATALOG_COMPILER_GLOBAL_ACCENT_COLOR_NAME = AccentColor;
				CODE_SIGN_ENTITLEMENTS = celestial/celestial.entitlements;
				CODE_SIGN_STYLE = Automatic;
				CURRENT_PROJECT_VERSION = 1;
				DEVELOPMENT_ASSET_PATHS = "\"celestial/Preview Content\"";
				DEVELOPMENT_TEAM = 399LMK6Q2Y;
				ENABLE_HARDENED_RUNTIME = YES;
				ENABLE_PREVIEWS = YES;
				GENERATE_INFOPLIST_FILE = YES;
				INFOPLIST_FILE = celestial/Info.plist;
				"INFOPLIST_KEY_UIApplicationSceneManifest_Generation[sdk=iphoneos*]" = YES;
				"INFOPLIST_KEY_UIApplicationSceneManifest_Generation[sdk=iphonesimulator*]" = YES;
				"INFOPLIST_KEY_UIApplicationSupportsIndirectInputEvents[sdk=iphoneos*]" = YES;
				"INFOPLIST_KEY_UIApplicationSupportsIndirectInputEvents[sdk=iphonesimulator*]" = YES;
				"INFOPLIST_KEY_UILaunchScreen_Generation[sdk=iphoneos*]" = YES;
				"INFOPLIST_KEY_UILaunchScreen_Generation[sdk=iphonesimulator*]" = YES;
				"INFOPLIST_KEY_UIStatusBarStyle[sdk=iphoneos*]" = UIStatusBarStyleDefault;
				"INFOPLIST_KEY_UIStatusBarStyle[sdk=iphonesimulator*]" = UIStatusBarStyleDefault;
				INFOPLIST_KEY_UISupportedInterfaceOrientations = "UIInterfaceOrientationLandscapeLeft UIInterfaceOrientationLandscapeRight UIInterfaceOrientationPortrait UIInterfaceOrientationPortraitUpsideDown";
				INFOPLIST_KEY_UISupportsDocumentBrowser = YES;
				IPHONEOS_DEPLOYMENT_TARGET = 15.0;
				LD_RUNPATH_SEARCH_PATHS = "@executable_path/Frameworks";
				"LD_RUNPATH_SEARCH_PATHS[sdk=macosx*]" = "@executable_path/../Frameworks";
				MACOSX_DEPLOYMENT_TARGET = 12.0;
				MARKETING_VERSION = 1.0.0;
				PRODUCT_BUNDLE_IDENTIFIER = me.cranci.celestial;
				PRODUCT_NAME = "$(TARGET_NAME)";
				SDKROOT = auto;
				SUPPORTED_PLATFORMS = "appletvos appletvsimulator iphoneos iphonesimulator macosx";
				SUPPORTS_MACCATALYST = NO;
				SWIFT_EMIT_LOC_STRINGS = YES;
				SWIFT_VERSION = 5.0;
				TARGETED_DEVICE_FAMILY = "1,2,3";
				TVOS_DEPLOYMENT_TARGET = 17.0;
			};
			name = Debug;
		};
		1398F1FF2E44AC560023604F /* Release */ = {
			isa = XCBuildConfiguration;
			buildSettings = {
				ASSETCATALOG_COMPILER_APPICON_NAME = AppIcon;
				ASSETCATALOG_COMPILER_GLOBAL_ACCENT_COLOR_NAME = AccentColor;
				CODE_SIGN_ENTITLEMENTS = celestial/celestial.entitlements;
				CODE_SIGN_STYLE = Automatic;
				CURRENT_PROJECT_VERSION = 1;
				DEVELOPMENT_ASSET_PATHS = "\"celestial/Preview Content\"";
				DEVELOPMENT_TEAM = 399LMK6Q2Y;
				ENABLE_HARDENED_RUNTIME = YES;
				ENABLE_PREVIEWS = YES;
				GENERATE_INFOPLIST_FILE = YES;
				INFOPLIST_FILE = celestial/Info.plist;
				"INFOPLIST_KEY_UIApplicationSceneManifest_Generation[sdk=iphoneos*]" = YES;
				"INFOPLIST_KEY_UIApplicationSceneManifest_Generation[sdk=iphonesimulator*]" = YES;
				"INFOPLIST_KEY_UIApplicationSupportsIndirectInputEvents[sdk=iphoneos*]" = YES;
				"INFOPLIST_KEY_UIApplicationSupportsIndirectInputEvents[sdk=iphonesimulator*]" = YES;
				"INFOPLIST_KEY_UILaunchScreen_Generation[sdk=iphoneos*]" = YES;
				"INFOPLIST_KEY_UILaunchScreen_Generation[sdk=iphonesimulator*]" = YES;
				"INFOPLIST_KEY_UIStatusBarStyle[sdk=iphoneos*]" = UIStatusBarStyleDefault;
				"INFOPLIST_KEY_UIStatusBarStyle[sdk=iphonesimulator*]" = UIStatusBarStyleDefault;
				INFOPLIST_KEY_UISupportedInterfaceOrientations = "UIInterfaceOrientationLandscapeLeft UIInterfaceOrientationLandscapeRight UIInterfaceOrientationPortrait UIInterfaceOrientationPortraitUpsideDown";
				INFOPLIST_KEY_UISupportsDocumentBrowser = YES;
				IPHONEOS_DEPLOYMENT_TARGET = 15.0;
				LD_RUNPATH_SEARCH_PATHS = "@executable_path/Frameworks";
				"LD_RUNPATH_SEARCH_PATHS[sdk=macosx*]" = "@executable_path/../Frameworks";
				MACOSX_DEPLOYMENT_TARGET = 12.0;
				MARKETING_VERSION = 1.0.0;
				PRODUCT_BUNDLE_IDENTIFIER = me.cranci.celestial;
				PRODUCT_NAME = "$(TARGET_NAME)";
				SDKROOT = auto;
				SUPPORTED_PLATFORMS = "appletvos appletvsimulator iphoneos iphonesimulator macosx";
				SUPPORTS_MACCATALYST = NO;
				SWIFT_EMIT_LOC_STRINGS = YES;
				SWIFT_VERSION = 5.0;
				TARGETED_DEVICE_FAMILY = "1,2,3";
				TVOS_DEPLOYMENT_TARGET = 17.0;
			};
			name = Release;
		};
/* End XCBuildConfiguration section */

/* Begin XCConfigurationList section */
		1398F1E92E44AC530023604F /* Build configuration list for PBXProject "celestial" */ = {
			isa = XCConfigurationList;
			buildConfigurations = (
				1398F1FB2E44AC560023604F /* Debug */,
				1398F1FC2E44AC560023604F /* Release */,
			);
			defaultConfigurationIsVisible = 0;
			defaultConfigurationName = Release;
		};
		1398F1FD2E44AC560023604F /* Build configuration list for PBXNativeTarget "celestial" */ = {
			isa = XCConfigurationList;
			buildConfigurations = (
				1398F1FE2E44AC560023604F /* Debug */,
				1398F1FF2E44AC560023604F /* Release */,
			);
			defaultConfigurationIsVisible = 0;
			defaultConfigurationName = Release;
		};
/* End XCConfigurationList section */

/* Begin XCRemoteSwiftPackageReference section */
		1398F2142E44B0BF0023604F /* XCRemoteSwiftPackageReference "Kingfisher" */ = {
			isa = XCRemoteSwiftPackageReference;
			repositoryURL = "https://github.com/onevcat/Kingfisher";
			requirement = {
				kind = exactVersion;
				version = 7.9.1;
			};
		};
/* End XCRemoteSwiftPackageReference section */

/* Begin XCSwiftPackageProductDependency section */
		1398F2152E44B0BF0023604F /* Kingfisher */ = {
			isa = XCSwiftPackageProductDependency;
			package = 1398F2142E44B0BF0023604F /* XCRemoteSwiftPackageReference "Kingfisher" */;
			productName = Kingfisher;
		};
/* End XCSwiftPackageProductDependency section */
	};
	rootObject = 1398F1E62E44AC530023604F /* Project object */;
}
