// !$*UTF8*$!
{
	archiveVersion = 1;
	classes = {
	};
	objectVersion = 56;
	objects = {

/* Begin PBXBuildFile section */
		131A62002E51CCE9009CE905 /* FeaturedCard.swift in Sources */ = {isa = PBXBuildFile; fileRef = 131A61FF2E51CCE9009CE905 /* FeaturedCard.swift */; };
		1324E7BB2E940BD70036B5F5 /* PlayerPreset.swift in Sources */ = {isa = PBXBuildFile; fileRef = 1324E7B32E940BD70036B5F5 /* PlayerPreset.swift */; };
		1324E7BC2E940BD70036B5F5 /* MPVSoftwareRenderer.swift in Sources */ = {isa = PBXBuildFile; fileRef = 1324E7B42E940BD70036B5F5 /* MPVSoftwareRenderer.swift */; };
		1324E7BD2E940BD70036B5F5 /* PlayerViewController.swift in Sources */ = {isa = PBXBuildFile; fileRef = 1324E7B52E940BD70036B5F5 /* PlayerViewController.swift */; };
		1324E7BE2E940BD70036B5F5 /* SampleBufferDisplayView.swift in Sources */ = {isa = PBXBuildFile; fileRef = 1324E7B62E940BD70036B5F5 /* SampleBufferDisplayView.swift */; };
		1324E7BF2E940BD70036B5F5 /* MusicProgressSlider.swift in Sources */ = {isa = PBXBuildFile; fileRef = 1324E7B82E940BD70036B5F5 /* MusicProgressSlider.swift */; };
		1324E7C12E940BD70036B5F5 /* PiPController.swift in Sources */ = {isa = PBXBuildFile; fileRef = 1324E7BA2E940BD70036B5F5 /* PiPController.swift */; };
		13631B322E4F1A200035C39F /* ServiceSettingsView.swift in Sources */ = {isa = PBXBuildFile; fileRef = 13631B312E4F1A200035C39F /* ServiceSettingsView.swift */; };
		1375466D2E5F059A00B29944 /* ProgressManager.swift in Sources */ = {isa = PBXBuildFile; fileRef = 1375466C2E5F059A00B29944 /* ProgressManager.swift */; };
		13830AEC2E55BD9200B3CDE4 /* AlgorithmManager.swift in Sources */ = {isa = PBXBuildFile; fileRef = 13830AEB2E55BD9200B3CDE4 /* AlgorithmManager.swift */; };
		13830AEE2E55BEDD00B3CDE4 /* JaroWinklerSimilarity.swift in Sources */ = {isa = PBXBuildFile; fileRef = 13830AED2E55BEDD00B3CDE4 /* JaroWinklerSimilarity.swift */; };
		13830AF02E55C04F00B3CDE4 /* AlgorithmSelectionView.swift in Sources */ = {isa = PBXBuildFile; fileRef = 13830AEF2E55C04F00B3CDE4 /* AlgorithmSelectionView.swift */; };
		13830AF22E55F51300B3CDE4 /* AlternativeUIView.swift in Sources */ = {isa = PBXBuildFile; fileRef = 13830AF12E55F51300B3CDE4 /* AlternativeUIView.swift */; };
		13830AF42E55F5FF00B3CDE4 /* AccentColorManager.swift in Sources */ = {isa = PBXBuildFile; fileRef = 13830AF32E55F5FF00B3CDE4 /* AccentColorManager.swift */; };
		139509A22E7DDAE100CB60D4 /* PlayerSettingsView.swift in Sources */ = {isa = PBXBuildFile; fileRef = 139509A12E7DDAE100CB60D4 /* PlayerSettingsView.swift */; };
		1396D5332E9C0715008DBB8B /* MPVKit in Frameworks */ = {isa = PBXBuildFile; productRef = 1396D5322E9C0715008DBB8B /* MPVKit */; };
		13B2E5742E7597B9009F3271 /* JSController-NetworkFetch.swift in Sources */ = {isa = PBXBuildFile; fileRef = 13B2E5732E7597B9009F3271 /* JSController-NetworkFetch.swift */; };
		13DCC4F62E58B40F0028AE91 /* HybridSimilarity.swift in Sources */ = {isa = PBXBuildFile; fileRef = 13DCC4F52E58B40F0028AE91 /* HybridSimilarity.swift */; };
		13E34D2A2E535CB500C7BF07 /* Kingfisher in Frameworks */ = {isa = PBXBuildFile; productRef = 13E34D292E535CB500C7BF07 /* Kingfisher */; };
		13F0725F2E4B2D3300EF90EB /* SoraApp.swift in Sources */ = {isa = PBXBuildFile; fileRef = 13F0725E2E4B2D3300EF90EB /* SoraApp.swift */; };
		13F072632E4B2D3700EF90EB /* Assets.xcassets in Resources */ = {isa = PBXBuildFile; fileRef = 13F072622E4B2D3700EF90EB /* Assets.xcassets */; };
		13F072672E4B2D3700EF90EB /* Preview Assets.xcassets in Resources */ = {isa = PBXBuildFile; fileRef = 13F072662E4B2D3700EF90EB /* Preview Assets.xcassets */; };
		13F0729B2E4B2D9200EF90EB /* Services.swift in Sources */ = {isa = PBXBuildFile; fileRef = 13F0726E2E4B2D9000EF90EB /* Services.swift */; };
		13F0729C2E4B2D9200EF90EB /* JavaScriptCore+Extensions.swift in Sources */ = {isa = PBXBuildFile; fileRef = 13F0726F2E4B2D9000EF90EB /* JavaScriptCore+Extensions.swift */; };
		13F0729D2E4B2D9200EF90EB /* JSController-Search.swift in Sources */ = {isa = PBXBuildFile; fileRef = 13F072702E4B2D9000EF90EB /* JSController-Search.swift */; };
		13F0729E2E4B2D9200EF90EB /* JSController-Details.swift in Sources */ = {isa = PBXBuildFile; fileRef = 13F072712E4B2D9000EF90EB /* JSController-Details.swift */; };
		13F0729F2E4B2D9200EF90EB /* ServiceManager.swift in Sources */ = {isa = PBXBuildFile; fileRef = 13F072722E4B2D9000EF90EB /* ServiceManager.swift */; };
		13F072A02E4B2D9200EF90EB /* JSController-Streams.swift in Sources */ = {isa = PBXBuildFile; fileRef = 13F072732E4B2D9000EF90EB /* JSController-Streams.swift */; };
		13F072A12E4B2D9200EF90EB /* JSController.swift in Sources */ = {isa = PBXBuildFile; fileRef = 13F072742E4B2D9000EF90EB /* JSController.swift */; };
		13F072A22E4B2D9200EF90EB /* SettingsView.swift in Sources */ = {isa = PBXBuildFile; fileRef = 13F072772E4B2D9000EF90EB /* SettingsView.swift */; };
		13F072A32E4B2D9200EF90EB /* SearchView.swift in Sources */ = {isa = PBXBuildFile; fileRef = 13F072782E4B2D9000EF90EB /* SearchView.swift */; };
		13F072A42E4B2D9200EF90EB /* ServicesView.swift in Sources */ = {isa = PBXBuildFile; fileRef = 13F072792E4B2D9000EF90EB /* ServicesView.swift */; };
		13F072A52E4B2D9200EF90EB /* HomeView.swift in Sources */ = {isa = PBXBuildFile; fileRef = 13F0727A2E4B2D9000EF90EB /* HomeView.swift */; };
		13F072A62E4B2D9200EF90EB /* LibraryView.swift in Sources */ = {isa = PBXBuildFile; fileRef = 13F0727B2E4B2D9000EF90EB /* LibraryView.swift */; };
		13F072A72E4B2D9200EF90EB /* MediaDetailView.swift in Sources */ = {isa = PBXBuildFile; fileRef = 13F0727C2E4B2D9000EF90EB /* MediaDetailView.swift */; };
		13F072A82E4B2D9200EF90EB /* ContentView.swift in Sources */ = {isa = PBXBuildFile; fileRef = 13F0727D2E4B2D9000EF90EB /* ContentView.swift */; };
		13F072A92E4B2D9200EF90EB /* LoggerView.swift in Sources */ = {isa = PBXBuildFile; fileRef = 13F0727E2E4B2D9000EF90EB /* LoggerView.swift */; };
		13F072AA2E4B2D9200EF90EB /* CircularProgressBar.swift in Sources */ = {isa = PBXBuildFile; fileRef = 13F072812E4B2D9000EF90EB /* CircularProgressBar.swift */; };
		13F072AB2E4B2D9200EF90EB /* Movie-Details.swift in Sources */ = {isa = PBXBuildFile; fileRef = 13F072832E4B2D9000EF90EB /* Movie-Details.swift */; };
		13F072AC2E4B2D9200EF90EB /* Shows-Details.swift in Sources */ = {isa = PBXBuildFile; fileRef = 13F072842E4B2D9000EF90EB /* Shows-Details.swift */; };
		13F072AD2E4B2D9200EF90EB /* DetailRow.swift in Sources */ = {isa = PBXBuildFile; fileRef = 13F072852E4B2D9000EF90EB /* DetailRow.swift */; };
		13F072AE2E4B2D9200EF90EB /* EpisodeCell.swift in Sources */ = {isa = PBXBuildFile; fileRef = 13F072862E4B2D9000EF90EB /* EpisodeCell.swift */; };
		13F072AF2E4B2D9200EF90EB /* StretchyHeader.swift in Sources */ = {isa = PBXBuildFile; fileRef = 13F072872E4B2D9000EF90EB /* StretchyHeader.swift */; };
		13F072B02E4B2D9200EF90EB /* SearchResultCard.swift in Sources */ = {isa = PBXBuildFile; fileRef = 13F072882E4B2D9000EF90EB /* SearchResultCard.swift */; };
		13F072B12E4B2D9200EF90EB /* NormalPlayer.swift in Sources */ = {isa = PBXBuildFile; fileRef = 13F072892E4B2D9000EF90EB /* NormalPlayer.swift */; };
		13F072B22E4B2D9200EF90EB /* FallbackImageView.swift in Sources */ = {isa = PBXBuildFile; fileRef = 13F0728A2E4B2D9000EF90EB /* FallbackImageView.swift */; };
		13F072B32E4B2D9200EF90EB /* ServicesResultsSheet.swift in Sources */ = {isa = PBXBuildFile; fileRef = 13F0728B2E4B2D9000EF90EB /* ServicesResultsSheet.swift */; };
		13F072B42E4B2D9200EF90EB /* resized.swift in Sources */ = {isa = PBXBuildFile; fileRef = 13F0728E2E4B2D9100EF90EB /* resized.swift */; };
		13F072B52E4B2D9200EF90EB /* URLSession.swift in Sources */ = {isa = PBXBuildFile; fileRef = 13F072902E4B2D9100EF90EB /* URLSession.swift */; };
		13F072B62E4B2D9200EF90EB /* AmbientColor.swift in Sources */ = {isa = PBXBuildFile; fileRef = 13F072922E4B2D9100EF90EB /* AmbientColor.swift */; };
		13F072B72E4B2D9200EF90EB /* Logger.swift in Sources */ = {isa = PBXBuildFile; fileRef = 13F072942E4B2D9100EF90EB /* Logger.swift */; };
		13F072B82E4B2D9200EF90EB /* LevenshteinDistance.swift in Sources */ = {isa = PBXBuildFile; fileRef = 13F072962E4B2D9100EF90EB /* LevenshteinDistance.swift */; };
		13F072B92E4B2D9200EF90EB /* TMDBModels.swift in Sources */ = {isa = PBXBuildFile; fileRef = 13F072992E4B2D9200EF90EB /* TMDBModels.swift */; };
		13F072BA2E4B2D9200EF90EB /* TMDBService.swift in Sources */ = {isa = PBXBuildFile; fileRef = 13F0729A2E4B2D9200EF90EB /* TMDBService.swift */; };
		13F072C32E4B2F8500EF90EB /* SoraCore in Frameworks */ = {isa = PBXBuildFile; productRef = 13F072C22E4B2F8500EF90EB /* SoraCore */; };
		13F187AC2E6F38CE00747F7E /* LibraryManager.swift in Sources */ = {isa = PBXBuildFile; fileRef = 13F187A42E6F38CE00747F7E /* LibraryManager.swift */; };
		13F187AD2E6F38CE00747F7E /* LibraryItem.swift in Sources */ = {isa = PBXBuildFile; fileRef = 13F187A62E6F38CE00747F7E /* LibraryItem.swift */; };
		13F187AE2E6F38CE00747F7E /* LibraryCollection.swift in Sources */ = {isa = PBXBuildFile; fileRef = 13F187A72E6F38CE00747F7E /* LibraryCollection.swift */; };
		13F187AF2E6F38CE00747F7E /* AddToCollectionView.swift in Sources */ = {isa = PBXBuildFile; fileRef = 13F187A92E6F38CE00747F7E /* AddToCollectionView.swift */; };
		13F187B02E6F38CE00747F7E /* CreateCollectionView.swift in Sources */ = {isa = PBXBuildFile; fileRef = 13F187AA2E6F38CE00747F7E /* CreateCollectionView.swift */; };
		13F187B12E6F38CE00747F7E /* CollectionDetailView.swift in Sources */ = {isa = PBXBuildFile; fileRef = 13F187AB2E6F38CE00747F7E /* CollectionDetailView.swift */; };
		13F5B58F2E7308F300565E75 /* HomeSectionsView.swift in Sources */ = {isa = PBXBuildFile; fileRef = 13F5B58E2E7308F300565E75 /* HomeSectionsView.swift */; };
		13F5B5922E73090000565E75 /* HomeSection.swift in Sources */ = {isa = PBXBuildFile; fileRef = 13F5B5912E73090000565E75 /* HomeSection.swift */; };
		13F5B5952E730CB200565E75 /* TMDBContentFilter.swift in Sources */ = {isa = PBXBuildFile; fileRef = 13F5B5942E730CB200565E75 /* TMDBContentFilter.swift */; };
		13F5B5972E730CDB00565E75 /* TMDBFiltersView.swift in Sources */ = {isa = PBXBuildFile; fileRef = 13F5B5962E730CDB00565E75 /* TMDBFiltersView.swift */; };
/* End PBXBuildFile section */

/* Begin PBXFileReference section */
		131A61FF2E51CCE9009CE905 /* FeaturedCard.swift */ = {isa = PBXFileReference; fileEncoding = 4; lastKnownFileType = sourcecode.swift; path = FeaturedCard.swift; sourceTree = "<group>"; };
		1324E7B32E940BD70036B5F5 /* PlayerPreset.swift */ = {isa = PBXFileReference; fileEncoding = 4; lastKnownFileType = sourcecode.swift; path = PlayerPreset.swift; sourceTree = "<group>"; };
		1324E7B42E940BD70036B5F5 /* MPVSoftwareRenderer.swift */ = {isa = PBXFileReference; fileEncoding = 4; lastKnownFileType = sourcecode.swift; path = MPVSoftwareRenderer.swift; sourceTree = "<group>"; };
		1324E7B52E940BD70036B5F5 /* PlayerViewController.swift */ = {isa = PBXFileReference; fileEncoding = 4; lastKnownFileType = sourcecode.swift; path = PlayerViewController.swift; sourceTree = "<group>"; };
		1324E7B62E940BD70036B5F5 /* SampleBufferDisplayView.swift */ = {isa = PBXFileReference; fileEncoding = 4; lastKnownFileType = sourcecode.swift; path = SampleBufferDisplayView.swift; sourceTree = "<group>"; };
		1324E7B82E940BD70036B5F5 /* MusicProgressSlider.swift */ = {isa = PBXFileReference; fileEncoding = 4; lastKnownFileType = sourcecode.swift; path = MusicProgressSlider.swift; sourceTree = "<group>"; };
		1324E7BA2E940BD70036B5F5 /* PiPController.swift */ = {isa = PBXFileReference; fileEncoding = 4; lastKnownFileType = sourcecode.swift; path = PiPController.swift; sourceTree = "<group>"; };
		13631B312E4F1A200035C39F /* ServiceSettingsView.swift */ = {isa = PBXFileReference; fileEncoding = 4; lastKnownFileType = sourcecode.swift; path = ServiceSettingsView.swift; sourceTree = "<group>"; };
		1375466C2E5F059A00B29944 /* ProgressManager.swift */ = {isa = PBXFileReference; fileEncoding = 4; lastKnownFileType = sourcecode.swift; name = ProgressManager.swift; path = Sora/Tracking/Progress/ProgressManager.swift; sourceTree = SOURCE_ROOT; };
		13830AEB2E55BD9200B3CDE4 /* AlgorithmManager.swift */ = {isa = PBXFileReference; fileEncoding = 4; lastKnownFileType = sourcecode.swift; path = AlgorithmManager.swift; sourceTree = "<group>"; };
		13830AED2E55BEDD00B3CDE4 /* JaroWinklerSimilarity.swift */ = {isa = PBXFileReference; lastKnownFileType = sourcecode.swift; path = JaroWinklerSimilarity.swift; sourceTree = "<group>"; };
		13830AEF2E55C04F00B3CDE4 /* AlgorithmSelectionView.swift */ = {isa = PBXFileReference; fileEncoding = 4; lastKnownFileType = sourcecode.swift; path = AlgorithmSelectionView.swift; sourceTree = "<group>"; };
		13830AF12E55F51300B3CDE4 /* AlternativeUIView.swift */ = {isa = PBXFileReference; fileEncoding = 4; lastKnownFileType = sourcecode.swift; path = AlternativeUIView.swift; sourceTree = "<group>"; };
		13830AF32E55F5FF00B3CDE4 /* AccentColorManager.swift */ = {isa = PBXFileReference; fileEncoding = 4; lastKnownFileType = sourcecode.swift; path = AccentColorManager.swift; sourceTree = "<group>"; };
		139509A12E7DDAE100CB60D4 /* PlayerSettingsView.swift */ = {isa = PBXFileReference; fileEncoding = 4; lastKnownFileType = sourcecode.swift; path = PlayerSettingsView.swift; sourceTree = "<group>"; };
		13B2E5732E7597B9009F3271 /* JSController-NetworkFetch.swift */ = {isa = PBXFileReference; fileEncoding = 4; lastKnownFileType = sourcecode.swift; path = "JSController-NetworkFetch.swift"; sourceTree = "<group>"; };
		13DCC4F52E58B40F0028AE91 /* HybridSimilarity.swift */ = {isa = PBXFileReference; fileEncoding = 4; lastKnownFileType = sourcecode.swift; path = HybridSimilarity.swift; sourceTree = "<group>"; };
		13F0725B2E4B2D3300EF90EB /* Sora.app */ = {isa = PBXFileReference; explicitFileType = wrapper.application; includeInIndex = 0; path = Sora.app; sourceTree = BUILT_PRODUCTS_DIR; };
		13F0725E2E4B2D3300EF90EB /* SoraApp.swift */ = {isa = PBXFileReference; lastKnownFileType = sourcecode.swift; path = SoraApp.swift; sourceTree = "<group>"; };
		13F072622E4B2D3700EF90EB /* Assets.xcassets */ = {isa = PBXFileReference; lastKnownFileType = folder.assetcatalog; path = Assets.xcassets; sourceTree = "<group>"; };
		13F072642E4B2D3700EF90EB /* Sora.entitlements */ = {isa = PBXFileReference; lastKnownFileType = text.plist.entitlements; path = Sora.entitlements; sourceTree = "<group>"; };
		13F072662E4B2D3700EF90EB /* Preview Assets.xcassets */ = {isa = PBXFileReference; lastKnownFileType = folder.assetcatalog; path = "Preview Assets.xcassets"; sourceTree = "<group>"; };
		13F0726E2E4B2D9000EF90EB /* Services.swift */ = {isa = PBXFileReference; fileEncoding = 4; lastKnownFileType = sourcecode.swift; path = Services.swift; sourceTree = "<group>"; };
		13F0726F2E4B2D9000EF90EB /* JavaScriptCore+Extensions.swift */ = {isa = PBXFileReference; fileEncoding = 4; lastKnownFileType = sourcecode.swift; path = "JavaScriptCore+Extensions.swift"; sourceTree = "<group>"; };
		13F072702E4B2D9000EF90EB /* JSController-Search.swift */ = {isa = PBXFileReference; fileEncoding = 4; lastKnownFileType = sourcecode.swift; path = "JSController-Search.swift"; sourceTree = "<group>"; };
		13F072712E4B2D9000EF90EB /* JSController-Details.swift */ = {isa = PBXFileReference; fileEncoding = 4; lastKnownFileType = sourcecode.swift; path = "JSController-Details.swift"; sourceTree = "<group>"; };
		13F072722E4B2D9000EF90EB /* ServiceManager.swift */ = {isa = PBXFileReference; fileEncoding = 4; lastKnownFileType = sourcecode.swift; path = ServiceManager.swift; sourceTree = "<group>"; };
		13F072732E4B2D9000EF90EB /* JSController-Streams.swift */ = {isa = PBXFileReference; fileEncoding = 4; lastKnownFileType = sourcecode.swift; path = "JSController-Streams.swift"; sourceTree = "<group>"; };
		13F072742E4B2D9000EF90EB /* JSController.swift */ = {isa = PBXFileReference; fileEncoding = 4; lastKnownFileType = sourcecode.swift; path = JSController.swift; sourceTree = "<group>"; };
		13F072772E4B2D9000EF90EB /* SettingsView.swift */ = {isa = PBXFileReference; fileEncoding = 4; lastKnownFileType = sourcecode.swift; path = SettingsView.swift; sourceTree = "<group>"; };
		13F072782E4B2D9000EF90EB /* SearchView.swift */ = {isa = PBXFileReference; fileEncoding = 4; lastKnownFileType = sourcecode.swift; path = SearchView.swift; sourceTree = "<group>"; };
		13F072792E4B2D9000EF90EB /* ServicesView.swift */ = {isa = PBXFileReference; fileEncoding = 4; lastKnownFileType = sourcecode.swift; path = ServicesView.swift; sourceTree = "<group>"; };
		13F0727A2E4B2D9000EF90EB /* HomeView.swift */ = {isa = PBXFileReference; fileEncoding = 4; lastKnownFileType = sourcecode.swift; path = HomeView.swift; sourceTree = "<group>"; };
		13F0727B2E4B2D9000EF90EB /* LibraryView.swift */ = {isa = PBXFileReference; fileEncoding = 4; lastKnownFileType = sourcecode.swift; path = LibraryView.swift; sourceTree = "<group>"; };
		13F0727C2E4B2D9000EF90EB /* MediaDetailView.swift */ = {isa = PBXFileReference; fileEncoding = 4; lastKnownFileType = sourcecode.swift; path = MediaDetailView.swift; sourceTree = "<group>"; };
		13F0727D2E4B2D9000EF90EB /* ContentView.swift */ = {isa = PBXFileReference; fileEncoding = 4; lastKnownFileType = sourcecode.swift; path = ContentView.swift; sourceTree = "<group>"; };
		13F0727E2E4B2D9000EF90EB /* LoggerView.swift */ = {isa = PBXFileReference; fileEncoding = 4; lastKnownFileType = sourcecode.swift; path = LoggerView.swift; sourceTree = "<group>"; };
		13F072812E4B2D9000EF90EB /* CircularProgressBar.swift */ = {isa = PBXFileReference; fileEncoding = 4; lastKnownFileType = sourcecode.swift; path = CircularProgressBar.swift; sourceTree = "<group>"; };
		13F072832E4B2D9000EF90EB /* Movie-Details.swift */ = {isa = PBXFileReference; fileEncoding = 4; lastKnownFileType = sourcecode.swift; path = "Movie-Details.swift"; sourceTree = "<group>"; };
		13F072842E4B2D9000EF90EB /* Shows-Details.swift */ = {isa = PBXFileReference; fileEncoding = 4; lastKnownFileType = sourcecode.swift; path = "Shows-Details.swift"; sourceTree = "<group>"; };
		13F072852E4B2D9000EF90EB /* DetailRow.swift */ = {isa = PBXFileReference; fileEncoding = 4; lastKnownFileType = sourcecode.swift; path = DetailRow.swift; sourceTree = "<group>"; };
		13F072862E4B2D9000EF90EB /* EpisodeCell.swift */ = {isa = PBXFileReference; fileEncoding = 4; lastKnownFileType = sourcecode.swift; path = EpisodeCell.swift; sourceTree = "<group>"; };
		13F072872E4B2D9000EF90EB /* StretchyHeader.swift */ = {isa = PBXFileReference; fileEncoding = 4; lastKnownFileType = sourcecode.swift; path = StretchyHeader.swift; sourceTree = "<group>"; };
		13F072882E4B2D9000EF90EB /* SearchResultCard.swift */ = {isa = PBXFileReference; fileEncoding = 4; lastKnownFileType = sourcecode.swift; path = SearchResultCard.swift; sourceTree = "<group>"; };
		13F072892E4B2D9000EF90EB /* NormalPlayer.swift */ = {isa = PBXFileReference; fileEncoding = 4; lastKnownFileType = sourcecode.swift; path = NormalPlayer.swift; sourceTree = "<group>"; };
		13F0728A2E4B2D9000EF90EB /* FallbackImageView.swift */ = {isa = PBXFileReference; fileEncoding = 4; lastKnownFileType = sourcecode.swift; path = FallbackImageView.swift; sourceTree = "<group>"; };
		13F0728B2E4B2D9000EF90EB /* ServicesResultsSheet.swift */ = {isa = PBXFileReference; fileEncoding = 4; lastKnownFileType = sourcecode.swift; path = ServicesResultsSheet.swift; sourceTree = "<group>"; };
		13F0728E2E4B2D9100EF90EB /* resized.swift */ = {isa = PBXFileReference; fileEncoding = 4; lastKnownFileType = sourcecode.swift; path = resized.swift; sourceTree = "<group>"; };
		13F072902E4B2D9100EF90EB /* URLSession.swift */ = {isa = PBXFileReference; fileEncoding = 4; lastKnownFileType = sourcecode.swift; path = URLSession.swift; sourceTree = "<group>"; };
		13F072922E4B2D9100EF90EB /* AmbientColor.swift */ = {isa = PBXFileReference; fileEncoding = 4; lastKnownFileType = sourcecode.swift; path = AmbientColor.swift; sourceTree = "<group>"; };
		13F072942E4B2D9100EF90EB /* Logger.swift */ = {isa = PBXFileReference; fileEncoding = 4; lastKnownFileType = sourcecode.swift; path = Logger.swift; sourceTree = "<group>"; };
		13F072962E4B2D9100EF90EB /* LevenshteinDistance.swift */ = {isa = PBXFileReference; fileEncoding = 4; lastKnownFileType = sourcecode.swift; path = LevenshteinDistance.swift; sourceTree = "<group>"; };
		13F072992E4B2D9200EF90EB /* TMDBModels.swift */ = {isa = PBXFileReference; fileEncoding = 4; lastKnownFileType = sourcecode.swift; path = TMDBModels.swift; sourceTree = "<group>"; };
		13F0729A2E4B2D9200EF90EB /* TMDBService.swift */ = {isa = PBXFileReference; fileEncoding = 4; lastKnownFileType = sourcecode.swift; path = TMDBService.swift; sourceTree = "<group>"; };
		13F072BB2E4B2DA900EF90EB /* Info.plist */ = {isa = PBXFileReference; fileEncoding = 4; lastKnownFileType = text.plist.xml; path = Info.plist; sourceTree = "<group>"; };
		13F187A42E6F38CE00747F7E /* LibraryManager.swift */ = {isa = PBXFileReference; fileEncoding = 4; lastKnownFileType = sourcecode.swift; path = LibraryManager.swift; sourceTree = "<group>"; };
		13F187A62E6F38CE00747F7E /* LibraryItem.swift */ = {isa = PBXFileReference; fileEncoding = 4; lastKnownFileType = sourcecode.swift; path = LibraryItem.swift; sourceTree = "<group>"; };
		13F187A72E6F38CE00747F7E /* LibraryCollection.swift */ = {isa = PBXFileReference; fileEncoding = 4; lastKnownFileType = sourcecode.swift; path = LibraryCollection.swift; sourceTree = "<group>"; };
		13F187A92E6F38CE00747F7E /* AddToCollectionView.swift */ = {isa = PBXFileReference; fileEncoding = 4; lastKnownFileType = sourcecode.swift; path = AddToCollectionView.swift; sourceTree = "<group>"; };
		13F187AA2E6F38CE00747F7E /* CreateCollectionView.swift */ = {isa = PBXFileReference; fileEncoding = 4; lastKnownFileType = sourcecode.swift; path = CreateCollectionView.swift; sourceTree = "<group>"; };
		13F187AB2E6F38CE00747F7E /* CollectionDetailView.swift */ = {isa = PBXFileReference; fileEncoding = 4; lastKnownFileType = sourcecode.swift; path = CollectionDetailView.swift; sourceTree = "<group>"; };
		13F5B58E2E7308F300565E75 /* HomeSectionsView.swift */ = {isa = PBXFileReference; fileEncoding = 4; lastKnownFileType = sourcecode.swift; path = HomeSectionsView.swift; sourceTree = "<group>"; };
		13F5B5912E73090000565E75 /* HomeSection.swift */ = {isa = PBXFileReference; fileEncoding = 4; lastKnownFileType = sourcecode.swift; path = HomeSection.swift; sourceTree = "<group>"; };
		13F5B5942E730CB200565E75 /* TMDBContentFilter.swift */ = {isa = PBXFileReference; fileEncoding = 4; lastKnownFileType = sourcecode.swift; path = TMDBContentFilter.swift; sourceTree = "<group>"; };
		13F5B5962E730CDB00565E75 /* TMDBFiltersView.swift */ = {isa = PBXFileReference; fileEncoding = 4; lastKnownFileType = sourcecode.swift; path = TMDBFiltersView.swift; sourceTree = "<group>"; };
/* End PBXFileReference section */

/* Begin PBXFrameworksBuildPhase section */
		13F072582E4B2D3300EF90EB /* Frameworks */ = {
			isa = PBXFrameworksBuildPhase;
			buildActionMask = 2147483647;
			files = (
				1396D5332E9C0715008DBB8B /* MPVKit in Frameworks */,
				13E34D2A2E535CB500C7BF07 /* Kingfisher in Frameworks */,
				13F072C32E4B2F8500EF90EB /* SoraCore in Frameworks */,
			);
			runOnlyForDeploymentPostprocessing = 0;
		};
/* End PBXFrameworksBuildPhase section */

/* Begin PBXGroup section */
		1324E7B22E940BD70036B5F5 /* Player */ = {
			isa = PBXGroup;
			children = (
				1324E7B72E940BD70036B5F5 /* Elements */,
				1324E7B32E940BD70036B5F5 /* PlayerPreset.swift */,
				1324E7B52E940BD70036B5F5 /* PlayerViewController.swift */,
				1324E7B42E940BD70036B5F5 /* MPVSoftwareRenderer.swift */,
				1324E7B62E940BD70036B5F5 /* SampleBufferDisplayView.swift */,
				1324E7BA2E940BD70036B5F5 /* PiPController.swift */,
			);
			path = Player;
			sourceTree = "<group>";
		};
		1324E7B72E940BD70036B5F5 /* Elements */ = {
			isa = PBXGroup;
			children = (
				1324E7B82E940BD70036B5F5 /* MusicProgressSlider.swift */,
			);
			path = Elements;
			sourceTree = "<group>";
		};
		1375466E2E5F078B00B29944 /* Tracking */ = {
			isa = PBXGroup;
			children = (
				1375466F2E5F079000B29944 /* Progress */,
			);
			path = Tracking;
			sourceTree = "<group>";
		};
		1375466F2E5F079000B29944 /* Progress */ = {
			isa = PBXGroup;
			children = (
				1375466C2E5F059A00B29944 /* ProgressManager.swift */,
			);
			path = Progress;
			sourceTree = "<group>";
		};
		13F072522E4B2D3300EF90EB = {
			isa = PBXGroup;
			children = (
				13F0725D2E4B2D3300EF90EB /* Sora */,
				13F0725C2E4B2D3300EF90EB /* Products */,
			);
			sourceTree = "<group>";
		};
		13F0725C2E4B2D3300EF90EB /* Products */ = {
			isa = PBXGroup;
			children = (
				13F0725B2E4B2D3300EF90EB /* Sora.app */,
			);
			name = Products;
			sourceTree = "<group>";
		};
		13F0725D2E4B2D3300EF90EB /* Sora */ = {
			isa = PBXGroup;
			children = (
				1324E7B22E940BD70036B5F5 /* Player */,
				13F072BB2E4B2DA900EF90EB /* Info.plist */,
				13F5B5902E73090000565E75 /* Models */,
				1375466E2E5F078B00B29944 /* Tracking */,
				13F072972E4B2D9200EF90EB /* TMDB */,
				13F072952E4B2D9100EF90EB /* Algorithm */,
				13F0728C2E4B2D9100EF90EB /* Extensions */,
				13F0726D2E4B2D9000EF90EB /* JSLoader */,
				13F072932E4B2D9100EF90EB /* Logger */,
				13F072752E4B2D9000EF90EB /* Views */,
				13F0725E2E4B2D3300EF90EB /* SoraApp.swift */,
				13F0727D2E4B2D9000EF90EB /* ContentView.swift */,
				13F072622E4B2D3700EF90EB /* Assets.xcassets */,
				13F072642E4B2D3700EF90EB /* Sora.entitlements */,
				13F072652E4B2D3700EF90EB /* Preview Content */,
			);
			path = Sora;
			sourceTree = "<group>";
		};
		13F072652E4B2D3700EF90EB /* Preview Content */ = {
			isa = PBXGroup;
			children = (
				13F072662E4B2D3700EF90EB /* Preview Assets.xcassets */,
			);
			path = "Preview Content";
			sourceTree = "<group>";
		};
		13F0726D2E4B2D9000EF90EB /* JSLoader */ = {
			isa = PBXGroup;
			children = (
				13F072BD2E4B2ED600EF90EB /* Services */,
				13F0726F2E4B2D9000EF90EB /* JavaScriptCore+Extensions.swift */,
				13B2E5732E7597B9009F3271 /* JSController-NetworkFetch.swift */,
				13F072702E4B2D9000EF90EB /* JSController-Search.swift */,
				13F072712E4B2D9000EF90EB /* JSController-Details.swift */,
				13F072732E4B2D9000EF90EB /* JSController-Streams.swift */,
				13F072742E4B2D9000EF90EB /* JSController.swift */,
			);
			path = JSLoader;
			sourceTree = "<group>";
		};
		13F072752E4B2D9000EF90EB /* Views */ = {
			isa = PBXGroup;
			children = (
				13F072772E4B2D9000EF90EB /* SettingsView.swift */,
				13F072782E4B2D9000EF90EB /* SearchView.swift */,
				13F0727A2E4B2D9000EF90EB /* HomeView.swift */,
				13F0727B2E4B2D9000EF90EB /* LibraryView.swift */,
				13F0727C2E4B2D9000EF90EB /* MediaDetailView.swift */,
				13F072C42E4B364B00EF90EB /* SettingsView */,
				13F0727F2E4B2D9000EF90EB /* View Elements */,
			);
			path = Views;
			sourceTree = "<group>";
		};
		13F0727F2E4B2D9000EF90EB /* View Elements */ = {
			isa = PBXGroup;
			children = (
				13F187A32E6F38CE00747F7E /* Library */,
				13F072802E4B2D9000EF90EB /* MediaInfo */,
				131A61FF2E51CCE9009CE905 /* FeaturedCard.swift */,
				13F072882E4B2D9000EF90EB /* SearchResultCard.swift */,
				13F072892E4B2D9000EF90EB /* NormalPlayer.swift */,
				13F0728A2E4B2D9000EF90EB /* FallbackImageView.swift */,
				13F0728B2E4B2D9000EF90EB /* ServicesResultsSheet.swift */,
			);
			path = "View Elements";
			sourceTree = "<group>";
		};
		13F072802E4B2D9000EF90EB /* MediaInfo */ = {
			isa = PBXGroup;
			children = (
				13F072822E4B2D9000EF90EB /* Details */,
				13F072862E4B2D9000EF90EB /* EpisodeCell.swift */,
				13F072872E4B2D9000EF90EB /* StretchyHeader.swift */,
				13F072812E4B2D9000EF90EB /* CircularProgressBar.swift */,
			);
			path = MediaInfo;
			sourceTree = "<group>";
		};
		13F072822E4B2D9000EF90EB /* Details */ = {
			isa = PBXGroup;
			children = (
				13F072832E4B2D9000EF90EB /* Movie-Details.swift */,
				13F072842E4B2D9000EF90EB /* Shows-Details.swift */,
				13F072852E4B2D9000EF90EB /* DetailRow.swift */,
			);
			path = Details;
			sourceTree = "<group>";
		};
		13F0728C2E4B2D9100EF90EB /* Extensions */ = {
			isa = PBXGroup;
			children = (
				13F0728D2E4B2D9100EF90EB /* UIImage */,
				13F0728F2E4B2D9100EF90EB /* URLSession */,
				13F072912E4B2D9100EF90EB /* Color */,
			);
			path = Extensions;
			sourceTree = "<group>";
		};
		13F0728D2E4B2D9100EF90EB /* UIImage */ = {
			isa = PBXGroup;
			children = (
				13F0728E2E4B2D9100EF90EB /* resized.swift */,
			);
			path = UIImage;
			sourceTree = "<group>";
		};
		13F0728F2E4B2D9100EF90EB /* URLSession */ = {
			isa = PBXGroup;
			children = (
				13F072902E4B2D9100EF90EB /* URLSession.swift */,
			);
			path = URLSession;
			sourceTree = "<group>";
		};
		13F072912E4B2D9100EF90EB /* Color */ = {
			isa = PBXGroup;
			children = (
				13830AF32E55F5FF00B3CDE4 /* AccentColorManager.swift */,
				13F072922E4B2D9100EF90EB /* AmbientColor.swift */,
			);
			path = Color;
			sourceTree = "<group>";
		};
		13F072932E4B2D9100EF90EB /* Logger */ = {
			isa = PBXGroup;
			children = (
				13F072942E4B2D9100EF90EB /* Logger.swift */,
			);
			path = Logger;
			sourceTree = "<group>";
		};
		13F072952E4B2D9100EF90EB /* Algorithm */ = {
			isa = PBXGroup;
			children = (
				13830AEB2E55BD9200B3CDE4 /* AlgorithmManager.swift */,
				13DCC4F52E58B40F0028AE91 /* HybridSimilarity.swift */,
				13F072962E4B2D9100EF90EB /* LevenshteinDistance.swift */,
				13830AED2E55BEDD00B3CDE4 /* JaroWinklerSimilarity.swift */,
			);
			path = Algorithm;
			sourceTree = "<group>";
		};
		13F072972E4B2D9200EF90EB /* TMDB */ = {
			isa = PBXGroup;
			children = (
				13F072982E4B2D9200EF90EB /* Models */,
				13F0729A2E4B2D9200EF90EB /* TMDBService.swift */,
				13F5B5942E730CB200565E75 /* TMDBContentFilter.swift */,
			);
			path = TMDB;
			sourceTree = "<group>";
		};
		13F072982E4B2D9200EF90EB /* Models */ = {
			isa = PBXGroup;
			children = (
				13F072992E4B2D9200EF90EB /* TMDBModels.swift */,
			);
			path = Models;
			sourceTree = "<group>";
		};
		13F072BD2E4B2ED600EF90EB /* Services */ = {
			isa = PBXGroup;
			children = (
				13F0726E2E4B2D9000EF90EB /* Services.swift */,
				13F072722E4B2D9000EF90EB /* ServiceManager.swift */,
			);
			path = Services;
			sourceTree = "<group>";
		};
		13F072C42E4B364B00EF90EB /* SettingsView */ = {
			isa = PBXGroup;
			children = (
				13830AEF2E55C04F00B3CDE4 /* AlgorithmSelectionView.swift */,
				13631B312E4F1A200035C39F /* ServiceSettingsView.swift */,
				13F5B58E2E7308F300565E75 /* HomeSectionsView.swift */,
				139509A12E7DDAE100CB60D4 /* PlayerSettingsView.swift */,
				13830AF12E55F51300B3CDE4 /* AlternativeUIView.swift */,
				13F5B5962E730CDB00565E75 /* TMDBFiltersView.swift */,
				13F072792E4B2D9000EF90EB /* ServicesView.swift */,
				13F0727E2E4B2D9000EF90EB /* LoggerView.swift */,
			);
			path = SettingsView;
			sourceTree = "<group>";
		};
		13F187A32E6F38CE00747F7E /* Library */ = {
			isa = PBXGroup;
			children = (
				13F187A82E6F38CE00747F7E /* Views */,
				13F187A42E6F38CE00747F7E /* LibraryManager.swift */,
			);
			path = Library;
			sourceTree = "<group>";
		};
		13F187A82E6F38CE00747F7E /* Views */ = {
			isa = PBXGroup;
			children = (
				13F187A92E6F38CE00747F7E /* AddToCollectionView.swift */,
				13F187AA2E6F38CE00747F7E /* CreateCollectionView.swift */,
				13F187AB2E6F38CE00747F7E /* CollectionDetailView.swift */,
			);
			path = Views;
			sourceTree = "<group>";
		};
		13F5B5902E73090000565E75 /* Models */ = {
			isa = PBXGroup;
			children = (
				13F5B5932E730B0200565E75 /* Library */,
				13F5B5912E73090000565E75 /* HomeSection.swift */,
			);
			path = Models;
			sourceTree = "<group>";
		};
		13F5B5932E730B0200565E75 /* Library */ = {
			isa = PBXGroup;
			children = (
				13F187A62E6F38CE00747F7E /* LibraryItem.swift */,
				13F187A72E6F38CE00747F7E /* LibraryCollection.swift */,
			);
			path = Library;
			sourceTree = "<group>";
		};
/* End PBXGroup section */

/* Begin PBXNativeTarget section */
		13F0725A2E4B2D3300EF90EB /* Sora */ = {
			isa = PBXNativeTarget;
			buildConfigurationList = 13F0726A2E4B2D3700EF90EB /* Build configuration list for PBXNativeTarget "Sora" */;
			buildPhases = (
				13F072572E4B2D3300EF90EB /* Sources */,
				13F072582E4B2D3300EF90EB /* Frameworks */,
				13F072592E4B2D3300EF90EB /* Resources */,
			);
			buildRules = (
			);
			dependencies = (
			);
			name = Sora;
			packageProductDependencies = (
				13F072C22E4B2F8500EF90EB /* SoraCore */,
				13E34D292E535CB500C7BF07 /* Kingfisher */,
				1396D5322E9C0715008DBB8B /* MPVKit */,
			);
			productName = Sora;
			productReference = 13F0725B2E4B2D3300EF90EB /* Sora.app */;
			productType = "com.apple.product-type.application";
		};
/* End PBXNativeTarget section */

/* Begin PBXProject section */
		13F072532E4B2D3300EF90EB /* Project object */ = {
			isa = PBXProject;
			attributes = {
				BuildIndependentTargetsInParallel = 1;
				LastSwiftUpdateCheck = 1520;
				LastUpgradeCheck = 1520;
				TargetAttributes = {
					13F0725A2E4B2D3300EF90EB = {
						CreatedOnToolsVersion = 15.2;
					};
				};
			};
			buildConfigurationList = 13F072562E4B2D3300EF90EB /* Build configuration list for PBXProject "Sora" */;
			compatibilityVersion = "Xcode 14.0";
			developmentRegion = en;
			hasScannedForEncodings = 0;
			knownRegions = (
				en,
				Base,
			);
			mainGroup = 13F072522E4B2D3300EF90EB;
			packageReferences = (
				13F072C12E4B2F8500EF90EB /* XCRemoteSwiftPackageReference "SoraCore" */,
				13E34D282E535CB500C7BF07 /* XCRemoteSwiftPackageReference "Kingfisher" */,
				1396D5312E9C0715008DBB8B /* XCRemoteSwiftPackageReference "MPVKit" */,
			);
			productRefGroup = 13F0725C2E4B2D3300EF90EB /* Products */;
			projectDirPath = "";
			projectRoot = "";
			targets = (
				13F0725A2E4B2D3300EF90EB /* Sora */,
			);
		};
/* End PBXProject section */

/* Begin PBXResourcesBuildPhase section */
		13F072592E4B2D3300EF90EB /* Resources */ = {
			isa = PBXResourcesBuildPhase;
			buildActionMask = 2147483647;
			files = (
				13F072672E4B2D3700EF90EB /* Preview Assets.xcassets in Resources */,
				13F072632E4B2D3700EF90EB /* Assets.xcassets in Resources */,
			);
			runOnlyForDeploymentPostprocessing = 0;
		};
/* End PBXResourcesBuildPhase section */

/* Begin PBXSourcesBuildPhase section */
		13F072572E4B2D3300EF90EB /* Sources */ = {
			isa = PBXSourcesBuildPhase;
			buildActionMask = 2147483647;
			files = (
				13DCC4F62E58B40F0028AE91 /* HybridSimilarity.swift in Sources */,
				13F072A32E4B2D9200EF90EB /* SearchView.swift in Sources */,
				13830AEC2E55BD9200B3CDE4 /* AlgorithmManager.swift in Sources */,
				13F072AD2E4B2D9200EF90EB /* DetailRow.swift in Sources */,
				139509A22E7DDAE100CB60D4 /* PlayerSettingsView.swift in Sources */,
				13F072B02E4B2D9200EF90EB /* SearchResultCard.swift in Sources */,
				13F072B42E4B2D9200EF90EB /* resized.swift in Sources */,
				13F5B5952E730CB200565E75 /* TMDBContentFilter.swift in Sources */,
				13F072B12E4B2D9200EF90EB /* NormalPlayer.swift in Sources */,
				13F072AF2E4B2D9200EF90EB /* StretchyHeader.swift in Sources */,
				13F0729D2E4B2D9200EF90EB /* JSController-Search.swift in Sources */,
				13F072A02E4B2D9200EF90EB /* JSController-Streams.swift in Sources */,
				1375466D2E5F059A00B29944 /* ProgressManager.swift in Sources */,
				13F072AC2E4B2D9200EF90EB /* Shows-Details.swift in Sources */,
				13830AF22E55F51300B3CDE4 /* AlternativeUIView.swift in Sources */,
				13F072BA2E4B2D9200EF90EB /* TMDBService.swift in Sources */,
				13F0725F2E4B2D3300EF90EB /* SoraApp.swift in Sources */,
				13F187AD2E6F38CE00747F7E /* LibraryItem.swift in Sources */,
				13F187B02E6F38CE00747F7E /* CreateCollectionView.swift in Sources */,
				13F072A42E4B2D9200EF90EB /* ServicesView.swift in Sources */,
				13F072A62E4B2D9200EF90EB /* LibraryView.swift in Sources */,
				13F072A92E4B2D9200EF90EB /* LoggerView.swift in Sources */,
				13F072A72E4B2D9200EF90EB /* MediaDetailView.swift in Sources */,
				13F072A22E4B2D9200EF90EB /* SettingsView.swift in Sources */,
				13F072AE2E4B2D9200EF90EB /* EpisodeCell.swift in Sources */,
				1324E7C12E940BD70036B5F5 /* PiPController.swift in Sources */,
				13F072AB2E4B2D9200EF90EB /* Movie-Details.swift in Sources */,
				1324E7BD2E940BD70036B5F5 /* PlayerViewController.swift in Sources */,
				1324E7BE2E940BD70036B5F5 /* SampleBufferDisplayView.swift in Sources */,
				13F5B58F2E7308F300565E75 /* HomeSectionsView.swift in Sources */,
				13F0729B2E4B2D9200EF90EB /* Services.swift in Sources */,
				13F5B5922E73090000565E75 /* HomeSection.swift in Sources */,
				13F0729C2E4B2D9200EF90EB /* JavaScriptCore+Extensions.swift in Sources */,
				13F072B22E4B2D9200EF90EB /* FallbackImageView.swift in Sources */,
				13F072B62E4B2D9200EF90EB /* AmbientColor.swift in Sources */,
				13F187AE2E6F38CE00747F7E /* LibraryCollection.swift in Sources */,
				13830AF02E55C04F00B3CDE4 /* AlgorithmSelectionView.swift in Sources */,
				13F0729E2E4B2D9200EF90EB /* JSController-Details.swift in Sources */,
				13F187AF2E6F38CE00747F7E /* AddToCollectionView.swift in Sources */,
				13830AEE2E55BEDD00B3CDE4 /* JaroWinklerSimilarity.swift in Sources */,
				13F072B92E4B2D9200EF90EB /* TMDBModels.swift in Sources */,
				13F5B5972E730CDB00565E75 /* TMDBFiltersView.swift in Sources */,
				13F072AA2E4B2D9200EF90EB /* CircularProgressBar.swift in Sources */,
				13F072B52E4B2D9200EF90EB /* URLSession.swift in Sources */,
				1324E7BC2E940BD70036B5F5 /* MPVSoftwareRenderer.swift in Sources */,
				1324E7BF2E940BD70036B5F5 /* MusicProgressSlider.swift in Sources */,
				1324E7BB2E940BD70036B5F5 /* PlayerPreset.swift in Sources */,
				131A62002E51CCE9009CE905 /* FeaturedCard.swift in Sources */,
				13F072A82E4B2D9200EF90EB /* ContentView.swift in Sources */,
				13F072B72E4B2D9200EF90EB /* Logger.swift in Sources */,
				13B2E5742E7597B9009F3271 /* JSController-NetworkFetch.swift in Sources */,
				13F072B82E4B2D9200EF90EB /* LevenshteinDistance.swift in Sources */,
				13631B322E4F1A200035C39F /* ServiceSettingsView.swift in Sources */,
				13F072B32E4B2D9200EF90EB /* ServicesResultsSheet.swift in Sources */,
				13F072A52E4B2D9200EF90EB /* HomeView.swift in Sources */,
				13F187B12E6F38CE00747F7E /* CollectionDetailView.swift in Sources */,
				13830AF42E55F5FF00B3CDE4 /* AccentColorManager.swift in Sources */,
				13F072A12E4B2D9200EF90EB /* JSController.swift in Sources */,
				13F0729F2E4B2D9200EF90EB /* ServiceManager.swift in Sources */,
				13F187AC2E6F38CE00747F7E /* LibraryManager.swift in Sources */,
			);
			runOnlyForDeploymentPostprocessing = 0;
		};
/* End PBXSourcesBuildPhase section */

/* Begin XCBuildConfiguration section */
		13F072682E4B2D3700EF90EB /* Debug */ = {
			isa = XCBuildConfiguration;
			buildSettings = {
				ALWAYS_SEARCH_USER_PATHS = NO;
				ASSETCATALOG_COMPILER_GENERATE_SWIFT_ASSET_SYMBOL_EXTENSIONS = YES;
				CLANG_ANALYZER_NONNULL = YES;
				CLANG_ANALYZER_NUMBER_OBJECT_CONVERSION = YES_AGGRESSIVE;
				CLANG_CXX_LANGUAGE_STANDARD = "gnu++20";
				CLANG_ENABLE_MODULES = YES;
				CLANG_ENABLE_OBJC_ARC = YES;
				CLANG_ENABLE_OBJC_WEAK = YES;
				CLANG_WARN_BLOCK_CAPTURE_AUTORELEASING = YES;
				CLANG_WARN_BOOL_CONVERSION = YES;
				CLANG_WARN_COMMA = YES;
				CLANG_WARN_CONSTANT_CONVERSION = YES;
				CLANG_WARN_DEPRECATED_OBJC_IMPLEMENTATIONS = YES;
				CLANG_WARN_DIRECT_OBJC_ISA_USAGE = YES_ERROR;
				CLANG_WARN_DOCUMENTATION_COMMENTS = YES;
				CLANG_WARN_EMPTY_BODY = YES;
				CLANG_WARN_ENUM_CONVERSION = YES;
				CLANG_WARN_INFINITE_RECURSION = YES;
				CLANG_WARN_INT_CONVERSION = YES;
				CLANG_WARN_NON_LITERAL_NULL_CONVERSION = YES;
				CLANG_WARN_OBJC_IMPLICIT_RETAIN_SELF = YES;
				CLANG_WARN_OBJC_LITERAL_CONVERSION = YES;
				CLANG_WARN_OBJC_ROOT_CLASS = YES_ERROR;
				CLANG_WARN_QUOTED_INCLUDE_IN_FRAMEWORK_HEADER = YES;
				CLANG_WARN_RANGE_LOOP_ANALYSIS = YES;
				CLANG_WARN_STRICT_PROTOTYPES = YES;
				CLANG_WARN_SUSPICIOUS_MOVE = YES;
				CLANG_WARN_UNGUARDED_AVAILABILITY = YES_AGGRESSIVE;
				CLANG_WARN_UNREACHABLE_CODE = YES;
				CLANG_WARN__DUPLICATE_METHOD_MATCH = YES;
				COPY_PHASE_STRIP = NO;
				DEBUG_INFORMATION_FORMAT = dwarf;
				ENABLE_STRICT_OBJC_MSGSEND = YES;
				ENABLE_TESTABILITY = YES;
				ENABLE_USER_SCRIPT_SANDBOXING = YES;
				GCC_C_LANGUAGE_STANDARD = gnu17;
				GCC_DYNAMIC_NO_PIC = NO;
				GCC_NO_COMMON_BLOCKS = YES;
				GCC_OPTIMIZATION_LEVEL = 0;
				GCC_PREPROCESSOR_DEFINITIONS = (
					"DEBUG=1",
					"$(inherited)",
				);
				GCC_WARN_64_TO_32_BIT_CONVERSION = YES;
				GCC_WARN_ABOUT_RETURN_TYPE = YES_ERROR;
				GCC_WARN_UNDECLARED_SELECTOR = YES;
				GCC_WARN_UNINITIALIZED_AUTOS = YES_AGGRESSIVE;
				GCC_WARN_UNUSED_FUNCTION = YES;
				GCC_WARN_UNUSED_VARIABLE = YES;
				LOCALIZATION_PREFERS_STRING_CATALOGS = YES;
				MTL_ENABLE_DEBUG_INFO = INCLUDE_SOURCE;
				MTL_FAST_MATH = YES;
				ONLY_ACTIVE_ARCH = YES;
				SWIFT_ACTIVE_COMPILATION_CONDITIONS = "DEBUG $(inherited)";
				SWIFT_OPTIMIZATION_LEVEL = "-Onone";
			};
			name = Debug;
		};
		13F072692E4B2D3700EF90EB /* Release */ = {
			isa = XCBuildConfiguration;
			buildSettings = {
				ALWAYS_SEARCH_USER_PATHS = NO;
				ASSETCATALOG_COMPILER_GENERATE_SWIFT_ASSET_SYMBOL_EXTENSIONS = YES;
				CLANG_ANALYZER_NONNULL = YES;
				CLANG_ANALYZER_NUMBER_OBJECT_CONVERSION = YES_AGGRESSIVE;
				CLANG_CXX_LANGUAGE_STANDARD = "gnu++20";
				CLANG_ENABLE_MODULES = YES;
				CLANG_ENABLE_OBJC_ARC = YES;
				CLANG_ENABLE_OBJC_WEAK = YES;
				CLANG_WARN_BLOCK_CAPTURE_AUTORELEASING = YES;
				CLANG_WARN_BOOL_CONVERSION = YES;
				CLANG_WARN_COMMA = YES;
				CLANG_WARN_CONSTANT_CONVERSION = YES;
				CLANG_WARN_DEPRECATED_OBJC_IMPLEMENTATIONS = YES;
				CLANG_WARN_DIRECT_OBJC_ISA_USAGE = YES_ERROR;
				CLANG_WARN_DOCUMENTATION_COMMENTS = YES;
				CLANG_WARN_EMPTY_BODY = YES;
				CLANG_WARN_ENUM_CONVERSION = YES;
				CLANG_WARN_INFINITE_RECURSION = YES;
				CLANG_WARN_INT_CONVERSION = YES;
				CLANG_WARN_NON_LITERAL_NULL_CONVERSION = YES;
				CLANG_WARN_OBJC_IMPLICIT_RETAIN_SELF = YES;
				CLANG_WARN_OBJC_LITERAL_CONVERSION = YES;
				CLANG_WARN_OBJC_ROOT_CLASS = YES_ERROR;
				CLANG_WARN_QUOTED_INCLUDE_IN_FRAMEWORK_HEADER = YES;
				CLANG_WARN_RANGE_LOOP_ANALYSIS = YES;
				CLANG_WARN_STRICT_PROTOTYPES = YES;
				CLANG_WARN_SUSPICIOUS_MOVE = YES;
				CLANG_WARN_UNGUARDED_AVAILABILITY = YES_AGGRESSIVE;
				CLANG_WARN_UNREACHABLE_CODE = YES;
				CLANG_WARN__DUPLICATE_METHOD_MATCH = YES;
				COPY_PHASE_STRIP = NO;
				DEBUG_INFORMATION_FORMAT = "dwarf-with-dsym";
				ENABLE_NS_ASSERTIONS = NO;
				ENABLE_STRICT_OBJC_MSGSEND = YES;
				ENABLE_USER_SCRIPT_SANDBOXING = YES;
				GCC_C_LANGUAGE_STANDARD = gnu17;
				GCC_NO_COMMON_BLOCKS = YES;
				GCC_WARN_64_TO_32_BIT_CONVERSION = YES;
				GCC_WARN_ABOUT_RETURN_TYPE = YES_ERROR;
				GCC_WARN_UNDECLARED_SELECTOR = YES;
				GCC_WARN_UNINITIALIZED_AUTOS = YES_AGGRESSIVE;
				GCC_WARN_UNUSED_FUNCTION = YES;
				GCC_WARN_UNUSED_VARIABLE = YES;
				LOCALIZATION_PREFERS_STRING_CATALOGS = YES;
				MTL_ENABLE_DEBUG_INFO = NO;
				MTL_FAST_MATH = YES;
				SWIFT_COMPILATION_MODE = wholemodule;
			};
			name = Release;
		};
		13F0726B2E4B2D3700EF90EB /* Debug */ = {
			isa = XCBuildConfiguration;
			buildSettings = {
				ASSETCATALOG_COMPILER_APPICON_NAME = AppIcon;
				ASSETCATALOG_COMPILER_GLOBAL_ACCENT_COLOR_NAME = AccentColor;
				CODE_SIGN_ENTITLEMENTS = Sora/Sora.entitlements;
				CODE_SIGN_STYLE = Automatic;
				CURRENT_PROJECT_VERSION = 1;
				DEVELOPMENT_ASSET_PATHS = "\"Sora/Preview Content\"";
				DEVELOPMENT_TEAM = 399LMK6Q2Y;
				ENABLE_HARDENED_RUNTIME = NO;
				ENABLE_PREVIEWS = YES;
				GENERATE_INFOPLIST_FILE = YES;
				INFOPLIST_FILE = Sora/Info.plist;
				INFOPLIST_KEY_CFBundleDisplayName = Sora;
				INFOPLIST_KEY_LSApplicationCategoryType = "public.app-category.entertainment";
				"INFOPLIST_KEY_UIApplicationSceneManifest_Generation[sdk=iphoneos*]" = YES;
				"INFOPLIST_KEY_UIApplicationSceneManifest_Generation[sdk=iphonesimulator*]" = YES;
				"INFOPLIST_KEY_UIApplicationSupportsIndirectInputEvents[sdk=iphoneos*]" = YES;
				"INFOPLIST_KEY_UIApplicationSupportsIndirectInputEvents[sdk=iphonesimulator*]" = YES;
				"INFOPLIST_KEY_UILaunchScreen_Generation[sdk=iphoneos*]" = YES;
				"INFOPLIST_KEY_UILaunchScreen_Generation[sdk=iphonesimulator*]" = YES;
				"INFOPLIST_KEY_UIStatusBarStyle[sdk=iphoneos*]" = UIStatusBarStyleDefault;
				"INFOPLIST_KEY_UIStatusBarStyle[sdk=iphonesimulator*]" = UIStatusBarStyleDefault;
				INFOPLIST_KEY_UISupportedInterfaceOrientations = "UIInterfaceOrientationLandscapeLeft UIInterfaceOrientationLandscapeRight UIInterfaceOrientationPortrait UIInterfaceOrientationPortraitUpsideDown";
				INFOPLIST_KEY_UISupportsDocumentBrowser = YES;
				IPHONEOS_DEPLOYMENT_TARGET = 15.0;
				LD_RUNPATH_SEARCH_PATHS = "@executable_path/Frameworks";
				"LD_RUNPATH_SEARCH_PATHS[sdk=macosx*]" = "@executable_path/../Frameworks";
				MACOSX_DEPLOYMENT_TARGET = 13.0;
				MARKETING_VERSION = 1.0.0;
				PRODUCT_BUNDLE_IDENTIFIER = me.cranci.solar;
				PRODUCT_NAME = "$(TARGET_NAME)";
				SDKROOT = auto;
				SUPPORTED_PLATFORMS = "appletvos appletvsimulator iphoneos iphonesimulator macosx";
				SUPPORTS_MACCATALYST = NO;
				SWIFT_EMIT_LOC_STRINGS = YES;
				SWIFT_VERSION = 5.0;
				TARGETED_DEVICE_FAMILY = "1,2,3";
				TVOS_DEPLOYMENT_TARGET = 17.0;
			};
			name = Debug;
		};
		13F0726C2E4B2D3700EF90EB /* Release */ = {
			isa = XCBuildConfiguration;
			buildSettings = {
				ASSETCATALOG_COMPILER_APPICON_NAME = AppIcon;
				ASSETCATALOG_COMPILER_GLOBAL_ACCENT_COLOR_NAME = AccentColor;
				CODE_SIGN_ENTITLEMENTS = Sora/Sora.entitlements;
				CODE_SIGN_STYLE = Automatic;
				CURRENT_PROJECT_VERSION = 1;
				DEVELOPMENT_ASSET_PATHS = "\"Sora/Preview Content\"";
				DEVELOPMENT_TEAM = 399LMK6Q2Y;
				ENABLE_HARDENED_RUNTIME = NO;
				ENABLE_PREVIEWS = YES;
				GENERATE_INFOPLIST_FILE = YES;
				INFOPLIST_FILE = Sora/Info.plist;
				INFOPLIST_KEY_CFBundleDisplayName = Sora;
				INFOPLIST_KEY_LSApplicationCategoryType = "public.app-category.entertainment";
				"INFOPLIST_KEY_UIApplicationSceneManifest_Generation[sdk=iphoneos*]" = YES;
				"INFOPLIST_KEY_UIApplicationSceneManifest_Generation[sdk=iphonesimulator*]" = YES;
				"INFOPLIST_KEY_UIApplicationSupportsIndirectInputEvents[sdk=iphoneos*]" = YES;
				"INFOPLIST_KEY_UIApplicationSupportsIndirectInputEvents[sdk=iphonesimulator*]" = YES;
				"INFOPLIST_KEY_UILaunchScreen_Generation[sdk=iphoneos*]" = YES;
				"INFOPLIST_KEY_UILaunchScreen_Generation[sdk=iphonesimulator*]" = YES;
				"INFOPLIST_KEY_UIStatusBarStyle[sdk=iphoneos*]" = UIStatusBarStyleDefault;
				"INFOPLIST_KEY_UIStatusBarStyle[sdk=iphonesimulator*]" = UIStatusBarStyleDefault;
				INFOPLIST_KEY_UISupportedInterfaceOrientations = "UIInterfaceOrientationLandscapeLeft UIInterfaceOrientationLandscapeRight UIInterfaceOrientationPortrait UIInterfaceOrientationPortraitUpsideDown";
				INFOPLIST_KEY_UISupportsDocumentBrowser = YES;
				IPHONEOS_DEPLOYMENT_TARGET = 15.0;
				LD_RUNPATH_SEARCH_PATHS = "@executable_path/Frameworks";
				"LD_RUNPATH_SEARCH_PATHS[sdk=macosx*]" = "@executable_path/../Frameworks";
				MACOSX_DEPLOYMENT_TARGET = 13.0;
				MARKETING_VERSION = 1.0.0;
				PRODUCT_BUNDLE_IDENTIFIER = me.cranci.solar;
				PRODUCT_NAME = "$(TARGET_NAME)";
				SDKROOT = auto;
				SUPPORTED_PLATFORMS = "appletvos appletvsimulator iphoneos iphonesimulator macosx";
				SUPPORTS_MACCATALYST = NO;
				SWIFT_EMIT_LOC_STRINGS = YES;
				SWIFT_VERSION = 5.0;
				TARGETED_DEVICE_FAMILY = "1,2,3";
				TVOS_DEPLOYMENT_TARGET = 17.0;
			};
			name = Release;
		};
/* End XCBuildConfiguration section */

/* Begin XCConfigurationList section */
		13F072562E4B2D3300EF90EB /* Build configuration list for PBXProject "Sora" */ = {
			isa = XCConfigurationList;
			buildConfigurations = (
				13F072682E4B2D3700EF90EB /* Debug */,
				13F072692E4B2D3700EF90EB /* Release */,
			);
			defaultConfigurationIsVisible = 0;
			defaultConfigurationName = Release;
		};
		13F0726A2E4B2D3700EF90EB /* Build configuration list for PBXNativeTarget "Sora" */ = {
			isa = XCConfigurationList;
			buildConfigurations = (
				13F0726B2E4B2D3700EF90EB /* Debug */,
				13F0726C2E4B2D3700EF90EB /* Release */,
			);
			defaultConfigurationIsVisible = 0;
			defaultConfigurationName = Release;
		};
/* End XCConfigurationList section */

/* Begin XCRemoteSwiftPackageReference section */
		1396D5312E9C0715008DBB8B /* XCRemoteSwiftPackageReference "MPVKit" */ = {
			isa = XCRemoteSwiftPackageReference;
			repositoryURL = "https://github.com/cranci1/MPVKit/";
			requirement = {
				branch = main;
				kind = branch;
			};
		};
		13E34D282E535CB500C7BF07 /* XCRemoteSwiftPackageReference "Kingfisher" */ = {
			isa = XCRemoteSwiftPackageReference;
			repositoryURL = "https://github.com/onevcat/Kingfisher";
			requirement = {
				kind = exactVersion;
				version = 8.6.0;
			};
		};
		13F072C12E4B2F8500EF90EB /* XCRemoteSwiftPackageReference "SoraCore" */ = {
			isa = XCRemoteSwiftPackageReference;
			repositoryURL = "https://github.com/cranci1/SoraCore";
			requirement = {
				branch = main;
				kind = branch;
			};
		};
/* End XCRemoteSwiftPackageReference section */

/* Begin XCSwiftPackageProductDependency section */
		1396D5322E9C0715008DBB8B /* MPVKit */ = {
			isa = XCSwiftPackageProductDependency;
			package = 1396D5312E9C0715008DBB8B /* XCRemoteSwiftPackageReference "MPVKit" */;
			productName = MPVKit;
		};
		13E34D292E535CB500C7BF07 /* Kingfisher */ = {
			isa = XCSwiftPackageProductDependency;
			package = 13E34D282E535CB500C7BF07 /* XCRemoteSwiftPackageReference "Kingfisher" */;
			productName = Kingfisher;
		};
		13F072C22E4B2F8500EF90EB /* SoraCore */ = {
			isa = XCSwiftPackageProductDependency;
			package = 13F072C12E4B2F8500EF90EB /* XCRemoteSwiftPackageReference "SoraCore" */;
			productName = SoraCore;
		};
/* End XCSwiftPackageProductDependency section */
	};
	rootObject = 13F072532E4B2D3300EF90EB /* Project object */;
}
