{
  "originHash" : "4561a9088cc02d530cf0726a874107be63f44ab1ddffae049809036cedc44807",
  "pins" : [
    {
      "identity" : "fakewebkit",
      "kind" : "remoteSourceControl",
      "location" : "https://github.com/undeaDD/FakeWebKit",
      "state" : {
        "branch" : "main",
        "revision" : "851ab88f8558e5af93d4f4f7160586ad0aa5e93b"
      }
    },
    {
      "identity" : "kingfisher",
      "kind" : "remoteSourceControl",
      "location" : "https://github.com/onevcat/Kingfisher.git",
      "state" : {
        "revision" : "4d75de347da985a70c63af4d799ed482021f6733",
        "version" : "8.6.1"
      }
    },
    {
      "identity" : "mpvkit",
      "kind" : "remoteSourceControl",
      "location" : "https://github.com/mpvkit/MPVKit",
      "state" : {
        "revision" : "32794687269115d5f93495d5bc3a86bf7bf95293",
        "version" : "0.40.0"
      }
    },
    {
      "identity" : "soracore",
      "kind" : "remoteSourceControl",
      "location" : "https://github.com/cranci1/SoraCore",
      "state" : {
        "branch" : "main",
        "revision" : "50ddc160fd606e9708adefc1d9fc7003b574446b"
      }
    }
  ],
  "version" : 3
}
