{
  "pins" : [
    {
      "identity" : "kingfisher",
      "kind" : "remoteSourceControl",
      "location" : "https://github.com/onevcat/Kingfisher.git",
      "state" : {
        "revision" : "2015fda791daa72c8058619545a593bf8c1dd59f",
        "version" : "8.5.0"
      }
    },
    {
      "identity" : "soracore",
      "kind" : "remoteSourceControl",
      "location" : "https://github.com/cranci1/SoraCore",
      "state" : {
        "branch" : "main",
        "revision" : "50ddc160fd606e9708adefc1d9fc7003b574446b"
      }
    },
    {
      "identity" : "soradecryption",
      "kind" : "remoteSourceControl",
      "location" : "https://github.com/cranci1/SoraDecryption",
      "state" : {
        "branch" : "main",
        "revision" : "b467fb956d4a78589c096582f659617aff66e851"
      }
    }
  ],
  "version" : 2
}
